// !$*UTF8*$!
{
	archiveVersion = 1;
	classes = {
	};
	objectVersion = 50;
	objects = {

/* Begin PBXBuildFile section */
		45AA143223FF67FA00CC6F6F /* UpcomingMoviesViewControllerCollectionViewExtension.swift in Sources */ = {isa = PBXBuildFile; fileRef = 45AA143123FF67FA00CC6F6F /* UpcomingMoviesViewControllerCollectionViewExtension.swift */; };
		45AA143923FF6A4400CC6F6F /* PosterWithDescriptionCollectionViewCell.swift in Sources */ = {isa = PBXBuildFile; fileRef = 45AA143823FF6A4400CC6F6F /* PosterWithDescriptionCollectionViewCell.swift */; };
		45AA143C23FF6C5400CC6F6F /* UIViewExtension.swift in Sources */ = {isa = PBXBuildFile; fileRef = 45AA143B23FF6C5400CC6F6F /* UIViewExtension.swift */; };
		45AA143E23FF721300CC6F6F /* UIFontExtension.swift in Sources */ = {isa = PBXBuildFile; fileRef = 45AA143D23FF721300CC6F6F /* UIFontExtension.swift */; };
		45B7CD6123FF23FA0014821B /* AppDelegate.swift in Sources */ = {isa = PBXBuildFile; fileRef = 45B7CD6023FF23FA0014821B /* AppDelegate.swift */; };
		45B7CD6323FF23FA0014821B /* SceneDelegate.swift in Sources */ = {isa = PBXBuildFile; fileRef = 45B7CD6223FF23FA0014821B /* SceneDelegate.swift */; };
		45B7CD6523FF23FA0014821B /* UpcomingViewController.swift in Sources */ = {isa = PBXBuildFile; fileRef = 45B7CD6423FF23FA0014821B /* UpcomingViewController.swift */; };
		45B7CD6A23FF23FC0014821B /* Assets.xcassets in Resources */ = {isa = PBXBuildFile; fileRef = 45B7CD6923FF23FC0014821B /* Assets.xcassets */; };
		45B7CD6D23FF23FC0014821B /* LaunchScreen.storyboard in Resources */ = {isa = PBXBuildFile; fileRef = 45B7CD6B23FF23FC0014821B /* LaunchScreen.storyboard */; };
		45B7CD7823FF23FC0014821B /* the_moviedb_appTests.swift in Sources */ = {isa = PBXBuildFile; fileRef = 45B7CD7723FF23FC0014821B /* the_moviedb_appTests.swift */; };
		45B7CD8323FF23FC0014821B /* the_moviedb_appUITests.swift in Sources */ = {isa = PBXBuildFile; fileRef = 45B7CD8223FF23FC0014821B /* the_moviedb_appUITests.swift */; };
		958308A4184BA5233F217B7A /* Pods_the_moviedb_appTests.framework in Frameworks */ = {isa = PBXBuildFile; fileRef = 25A9D31CD4510C4845B11082 /* Pods_the_moviedb_appTests.framework */; };
		C2FBB4E8BFA5A4AE1D550954 /* Pods_the_moviedb_app.framework in Frameworks */ = {isa = PBXBuildFile; fileRef = 5AA14F224EE58EF263CB4B36 /* Pods_the_moviedb_app.framework */; };
		EF7B9206663CF33B562C3B64 /* Pods_the_moviedb_app_the_moviedb_appUITests.framework in Frameworks */ = {isa = PBXBuildFile; fileRef = D7C82FCA732674F0FC5A926F /* Pods_the_moviedb_app_the_moviedb_appUITests.framework */; };
/* End PBXBuildFile section */

/* Begin PBXContainerItemProxy section */
		45B7CD7423FF23FC0014821B /* PBXContainerItemProxy */ = {
			isa = PBXContainerItemProxy;
			containerPortal = 45B7CD5523FF23FA0014821B /* Project object */;
			proxyType = 1;
			remoteGlobalIDString = 45B7CD5C23FF23FA0014821B;
			remoteInfo = "the-moviedb-app";
		};
		45B7CD7F23FF23FC0014821B /* PBXContainerItemProxy */ = {
			isa = PBXContainerItemProxy;
			containerPortal = 45B7CD5523FF23FA0014821B /* Project object */;
			proxyType = 1;
			remoteGlobalIDString = 45B7CD5C23FF23FA0014821B;
			remoteInfo = "the-moviedb-app";
		};
/* End PBXContainerItemProxy section */

/* Begin PBXFileReference section */
		04B3E82E06BE89DC05B0D699 /* Pods-the-moviedb-app.debug.xcconfig */ = {isa = PBXFileReference; includeInIndex = 1; lastKnownFileType = text.xcconfig; name = "Pods-the-moviedb-app.debug.xcconfig"; path = "Target Support Files/Pods-the-moviedb-app/Pods-the-moviedb-app.debug.xcconfig"; sourceTree = "<group>"; };
		06FC2A9A5EB3F0F62D9FF826 /* Pods-the-moviedb-app-the-moviedb-appUITests.release.xcconfig */ = {isa = PBXFileReference; includeInIndex = 1; lastKnownFileType = text.xcconfig; name = "Pods-the-moviedb-app-the-moviedb-appUITests.release.xcconfig"; path = "Target Support Files/Pods-the-moviedb-app-the-moviedb-appUITests/Pods-the-moviedb-app-the-moviedb-appUITests.release.xcconfig"; sourceTree = "<group>"; };
		25A9D31CD4510C4845B11082 /* Pods_the_moviedb_appTests.framework */ = {isa = PBXFileReference; explicitFileType = wrapper.framework; includeInIndex = 0; path = Pods_the_moviedb_appTests.framework; sourceTree = BUILT_PRODUCTS_DIR; };
		2B1AAF777239999A11C75283 /* Pods-the-moviedb-app.release.xcconfig */ = {isa = PBXFileReference; includeInIndex = 1; lastKnownFileType = text.xcconfig; name = "Pods-the-moviedb-app.release.xcconfig"; path = "Target Support Files/Pods-the-moviedb-app/Pods-the-moviedb-app.release.xcconfig"; sourceTree = "<group>"; };
		4458663D3AAD31578BC6D7E0 /* Pods-the-moviedb-appTests.release.xcconfig */ = {isa = PBXFileReference; includeInIndex = 1; lastKnownFileType = text.xcconfig; name = "Pods-the-moviedb-appTests.release.xcconfig"; path = "Target Support Files/Pods-the-moviedb-appTests/Pods-the-moviedb-appTests.release.xcconfig"; sourceTree = "<group>"; };
		45AA143123FF67FA00CC6F6F /* UpcomingMoviesViewControllerCollectionViewExtension.swift */ = {isa = PBXFileReference; lastKnownFileType = sourcecode.swift; path = UpcomingMoviesViewControllerCollectionViewExtension.swift; sourceTree = "<group>"; };
		45AA143823FF6A4400CC6F6F /* PosterWithDescriptionCollectionViewCell.swift */ = {isa = PBXFileReference; lastKnownFileType = sourcecode.swift; path = PosterWithDescriptionCollectionViewCell.swift; sourceTree = "<group>"; };
		45AA143B23FF6C5400CC6F6F /* UIViewExtension.swift */ = {isa = PBXFileReference; lastKnownFileType = sourcecode.swift; path = UIViewExtension.swift; sourceTree = "<group>"; };
		45AA143D23FF721300CC6F6F /* UIFontExtension.swift */ = {isa = PBXFileReference; lastKnownFileType = sourcecode.swift; path = UIFontExtension.swift; sourceTree = "<group>"; };
		45B7CD5D23FF23FA0014821B /* the-moviedb-app.app */ = {isa = PBXFileReference; explicitFileType = wrapper.application; includeInIndex = 0; path = "the-moviedb-app.app"; sourceTree = BUILT_PRODUCTS_DIR; };
		45B7CD6023FF23FA0014821B /* AppDelegate.swift */ = {isa = PBXFileReference; lastKnownFileType = sourcecode.swift; path = AppDelegate.swift; sourceTree = "<group>"; };
		45B7CD6223FF23FA0014821B /* SceneDelegate.swift */ = {isa = PBXFileReference; lastKnownFileType = sourcecode.swift; path = SceneDelegate.swift; sourceTree = "<group>"; };
		45B7CD6423FF23FA0014821B /* UpcomingViewController.swift */ = {isa = PBXFileReference; lastKnownFileType = sourcecode.swift; path = UpcomingViewController.swift; sourceTree = "<group>"; };
		45B7CD6923FF23FC0014821B /* Assets.xcassets */ = {isa = PBXFileReference; lastKnownFileType = folder.assetcatalog; path = Assets.xcassets; sourceTree = "<group>"; };
		45B7CD6C23FF23FC0014821B /* Base */ = {isa = PBXFileReference; lastKnownFileType = file.storyboard; name = Base; path = Base.lproj/LaunchScreen.storyboard; sourceTree = "<group>"; };
		45B7CD6E23FF23FC0014821B /* Info.plist */ = {isa = PBXFileReference; lastKnownFileType = text.plist.xml; path = Info.plist; sourceTree = "<group>"; };
		45B7CD7323FF23FC0014821B /* the-moviedb-appTests.xctest */ = {isa = PBXFileReference; explicitFileType = wrapper.cfbundle; includeInIndex = 0; path = "the-moviedb-appTests.xctest"; sourceTree = BUILT_PRODUCTS_DIR; };
		45B7CD7723FF23FC0014821B /* the_moviedb_appTests.swift */ = {isa = PBXFileReference; lastKnownFileType = sourcecode.swift; path = the_moviedb_appTests.swift; sourceTree = "<group>"; };
		45B7CD7923FF23FC0014821B /* Info.plist */ = {isa = PBXFileReference; lastKnownFileType = text.plist.xml; path = Info.plist; sourceTree = "<group>"; };
		45B7CD7E23FF23FC0014821B /* the-moviedb-appUITests.xctest */ = {isa = PBXFileReference; explicitFileType = wrapper.cfbundle; includeInIndex = 0; path = "the-moviedb-appUITests.xctest"; sourceTree = BUILT_PRODUCTS_DIR; };
		45B7CD8223FF23FC0014821B /* the_moviedb_appUITests.swift */ = {isa = PBXFileReference; lastKnownFileType = sourcecode.swift; path = the_moviedb_appUITests.swift; sourceTree = "<group>"; };
		45B7CD8423FF23FC0014821B /* Info.plist */ = {isa = PBXFileReference; lastKnownFileType = text.plist.xml; path = Info.plist; sourceTree = "<group>"; };
		5AA14F224EE58EF263CB4B36 /* Pods_the_moviedb_app.framework */ = {isa = PBXFileReference; explicitFileType = wrapper.framework; includeInIndex = 0; path = Pods_the_moviedb_app.framework; sourceTree = BUILT_PRODUCTS_DIR; };
		6FAA2303DA544ADD8C8EC4C1 /* Pods-the-moviedb-appTests.debug.xcconfig */ = {isa = PBXFileReference; includeInIndex = 1; lastKnownFileType = text.xcconfig; name = "Pods-the-moviedb-appTests.debug.xcconfig"; path = "Target Support Files/Pods-the-moviedb-appTests/Pods-the-moviedb-appTests.debug.xcconfig"; sourceTree = "<group>"; };
		70AEBF40D81DBF9424242FCB /* Pods-the-moviedb-app-the-moviedb-appUITests.debug.xcconfig */ = {isa = PBXFileReference; includeInIndex = 1; lastKnownFileType = text.xcconfig; name = "Pods-the-moviedb-app-the-moviedb-appUITests.debug.xcconfig"; path = "Target Support Files/Pods-the-moviedb-app-the-moviedb-appUITests/Pods-the-moviedb-app-the-moviedb-appUITests.debug.xcconfig"; sourceTree = "<group>"; };
		D7C82FCA732674F0FC5A926F /* Pods_the_moviedb_app_the_moviedb_appUITests.framework */ = {isa = PBXFileReference; explicitFileType = wrapper.framework; includeInIndex = 0; path = Pods_the_moviedb_app_the_moviedb_appUITests.framework; sourceTree = BUILT_PRODUCTS_DIR; };
/* End PBXFileReference section */

/* Begin PBXFrameworksBuildPhase section */
		45B7CD5A23FF23FA0014821B /* Frameworks */ = {
			isa = PBXFrameworksBuildPhase;
			buildActionMask = 2147483647;
			files = (
				C2FBB4E8BFA5A4AE1D550954 /* Pods_the_moviedb_app.framework in Frameworks */,
			);
			runOnlyForDeploymentPostprocessing = 0;
		};
		45B7CD7023FF23FC0014821B /* Frameworks */ = {
			isa = PBXFrameworksBuildPhase;
			buildActionMask = 2147483647;
			files = (
				958308A4184BA5233F217B7A /* Pods_the_moviedb_appTests.framework in Frameworks */,
			);
			runOnlyForDeploymentPostprocessing = 0;
		};
		45B7CD7B23FF23FC0014821B /* Frameworks */ = {
			isa = PBXFrameworksBuildPhase;
			buildActionMask = 2147483647;
			files = (
				EF7B9206663CF33B562C3B64 /* Pods_the_moviedb_app_the_moviedb_appUITests.framework in Frameworks */,
			);
			runOnlyForDeploymentPostprocessing = 0;
		};
/* End PBXFrameworksBuildPhase section */

/* Begin PBXGroup section */
		45AA142F23FF67BC00CC6F6F /* Upcoming Movies */ = {
			isa = PBXGroup;
			children = (
				45AA143023FF67E600CC6F6F /* Extension */,
				45B7CD6423FF23FA0014821B /* UpcomingViewController.swift */,
			);
			path = "Upcoming Movies";
			sourceTree = "<group>";
		};
		45AA143023FF67E600CC6F6F /* Extension */ = {
			isa = PBXGroup;
			children = (
				45AA143123FF67FA00CC6F6F /* UpcomingMoviesViewControllerCollectionViewExtension.swift */,
			);
			path = Extension;
			sourceTree = "<group>";
		};
		45AA143323FF69D100CC6F6F /* App Delegate */ = {
			isa = PBXGroup;
			children = (
				45B7CD6023FF23FA0014821B /* AppDelegate.swift */,
				45B7CD6223FF23FA0014821B /* SceneDelegate.swift */,
			);
			path = "App Delegate";
			sourceTree = "<group>";
		};
		45AA143423FF69DB00CC6F6F /* Common */ = {
			isa = PBXGroup;
			children = (
				45AA143A23FF6C1700CC6F6F /* Extension */,
				45AA143523FF69EE00CC6F6F /* Component */,
			);
			path = Common;
			sourceTree = "<group>";
		};
		45AA143523FF69EE00CC6F6F /* Component */ = {
			isa = PBXGroup;
			children = (
				45AA143623FF69F800CC6F6F /* CollectionView */,
			);
			path = Component;
			sourceTree = "<group>";
		};
		45AA143623FF69F800CC6F6F /* CollectionView */ = {
			isa = PBXGroup;
			children = (
				45AA143723FF69FE00CC6F6F /* Cell */,
			);
			path = CollectionView;
			sourceTree = "<group>";
		};
		45AA143723FF69FE00CC6F6F /* Cell */ = {
			isa = PBXGroup;
			children = (
				45AA143823FF6A4400CC6F6F /* PosterWithDescriptionCollectionViewCell.swift */,
			);
			path = Cell;
			sourceTree = "<group>";
		};
		45AA143A23FF6C1700CC6F6F /* Extension */ = {
			isa = PBXGroup;
			children = (
				45AA143B23FF6C5400CC6F6F /* UIViewExtension.swift */,
				45AA143D23FF721300CC6F6F /* UIFontExtension.swift */,
			);
			path = Extension;
			sourceTree = "<group>";
		};
		45B7CD5423FF23FA0014821B = {
			isa = PBXGroup;
			children = (
				45B7CD5F23FF23FA0014821B /* the-moviedb-app */,
				45B7CD7623FF23FC0014821B /* the-moviedb-appTests */,
				45B7CD8123FF23FC0014821B /* the-moviedb-appUITests */,
				45B7CD5E23FF23FA0014821B /* Products */,
				E14FBC60CC2FCC77C0FC6216 /* Pods */,
				761A1789FD31B2DA320C703E /* Frameworks */,
			);
			sourceTree = "<group>";
		};
		45B7CD5E23FF23FA0014821B /* Products */ = {
			isa = PBXGroup;
			children = (
				45B7CD5D23FF23FA0014821B /* the-moviedb-app.app */,
				45B7CD7323FF23FC0014821B /* the-moviedb-appTests.xctest */,
				45B7CD7E23FF23FC0014821B /* the-moviedb-appUITests.xctest */,
			);
			name = Products;
			sourceTree = "<group>";
		};
		45B7CD5F23FF23FA0014821B /* the-moviedb-app */ = {
			isa = PBXGroup;
			children = (
				45AA143323FF69D100CC6F6F /* App Delegate */,
				45AA142F23FF67BC00CC6F6F /* Upcoming Movies */,
				45B7CD6923FF23FC0014821B /* Assets.xcassets */,
				45AA143423FF69DB00CC6F6F /* Common */,
				45B7CD6B23FF23FC0014821B /* LaunchScreen.storyboard */,
				45B7CD6E23FF23FC0014821B /* Info.plist */,
			);
			path = "the-moviedb-app";
			sourceTree = "<group>";
		};
		45B7CD7623FF23FC0014821B /* the-moviedb-appTests */ = {
			isa = PBXGroup;
			children = (
				45B7CD7723FF23FC0014821B /* the_moviedb_appTests.swift */,
				45B7CD7923FF23FC0014821B /* Info.plist */,
			);
			path = "the-moviedb-appTests";
			sourceTree = "<group>";
		};
		45B7CD8123FF23FC0014821B /* the-moviedb-appUITests */ = {
			isa = PBXGroup;
			children = (
				45B7CD8223FF23FC0014821B /* the_moviedb_appUITests.swift */,
				45B7CD8423FF23FC0014821B /* Info.plist */,
			);
			path = "the-moviedb-appUITests";
			sourceTree = "<group>";
		};
		761A1789FD31B2DA320C703E /* Frameworks */ = {
			isa = PBXGroup;
			children = (
				5AA14F224EE58EF263CB4B36 /* Pods_the_moviedb_app.framework */,
				D7C82FCA732674F0FC5A926F /* Pods_the_moviedb_app_the_moviedb_appUITests.framework */,
				25A9D31CD4510C4845B11082 /* Pods_the_moviedb_appTests.framework */,
			);
			name = Frameworks;
			sourceTree = "<group>";
		};
		E14FBC60CC2FCC77C0FC6216 /* Pods */ = {
			isa = PBXGroup;
			children = (
				04B3E82E06BE89DC05B0D699 /* Pods-the-moviedb-app.debug.xcconfig */,
				2B1AAF777239999A11C75283 /* Pods-the-moviedb-app.release.xcconfig */,
				70AEBF40D81DBF9424242FCB /* Pods-the-moviedb-app-the-moviedb-appUITests.debug.xcconfig */,
				06FC2A9A5EB3F0F62D9FF826 /* Pods-the-moviedb-app-the-moviedb-appUITests.release.xcconfig */,
				6FAA2303DA544ADD8C8EC4C1 /* Pods-the-moviedb-appTests.debug.xcconfig */,
				4458663D3AAD31578BC6D7E0 /* Pods-the-moviedb-appTests.release.xcconfig */,
			);
			path = Pods;
			sourceTree = "<group>";
		};
/* End PBXGroup section */

/* Begin PBXNativeTarget section */
		45B7CD5C23FF23FA0014821B /* the-moviedb-app */ = {
			isa = PBXNativeTarget;
			buildConfigurationList = 45B7CD8723FF23FC0014821B /* Build configuration list for PBXNativeTarget "the-moviedb-app" */;
			buildPhases = (
				BB7AB00FCF10594BBA069EFE /* [CP] Check Pods Manifest.lock */,
				45B7CD5923FF23FA0014821B /* Sources */,
				45B7CD5A23FF23FA0014821B /* Frameworks */,
				45B7CD5B23FF23FA0014821B /* Resources */,
			);
			buildRules = (
			);
			dependencies = (
			);
			name = "the-moviedb-app";
			productName = "the-moviedb-app";
			productReference = 45B7CD5D23FF23FA0014821B /* the-moviedb-app.app */;
			productType = "com.apple.product-type.application";
		};
		45B7CD7223FF23FC0014821B /* the-moviedb-appTests */ = {
			isa = PBXNativeTarget;
			buildConfigurationList = 45B7CD8A23FF23FC0014821B /* Build configuration list for PBXNativeTarget "the-moviedb-appTests" */;
			buildPhases = (
				DD0FECCB8C0806DCCD416B98 /* [CP] Check Pods Manifest.lock */,
				45B7CD6F23FF23FC0014821B /* Sources */,
				45B7CD7023FF23FC0014821B /* Frameworks */,
				45B7CD7123FF23FC0014821B /* Resources */,
			);
			buildRules = (
			);
			dependencies = (
				45B7CD7523FF23FC0014821B /* PBXTargetDependency */,
			);
			name = "the-moviedb-appTests";
			productName = "the-moviedb-appTests";
			productReference = 45B7CD7323FF23FC0014821B /* the-moviedb-appTests.xctest */;
			productType = "com.apple.product-type.bundle.unit-test";
		};
		45B7CD7D23FF23FC0014821B /* the-moviedb-appUITests */ = {
			isa = PBXNativeTarget;
			buildConfigurationList = 45B7CD8D23FF23FC0014821B /* Build configuration list for PBXNativeTarget "the-moviedb-appUITests" */;
			buildPhases = (
				5BE50E0E4F92A0AC287BE09A /* [CP] Check Pods Manifest.lock */,
				45B7CD7A23FF23FC0014821B /* Sources */,
				45B7CD7B23FF23FC0014821B /* Frameworks */,
				45B7CD7C23FF23FC0014821B /* Resources */,
			);
			buildRules = (
			);
			dependencies = (
				45B7CD8023FF23FC0014821B /* PBXTargetDependency */,
			);
			name = "the-moviedb-appUITests";
			productName = "the-moviedb-appUITests";
			productReference = 45B7CD7E23FF23FC0014821B /* the-moviedb-appUITests.xctest */;
			productType = "com.apple.product-type.bundle.ui-testing";
		};
/* End PBXNativeTarget section */

/* Begin PBXProject section */
		45B7CD5523FF23FA0014821B /* Project object */ = {
			isa = PBXProject;
			attributes = {
				LastSwiftUpdateCheck = 1130;
				LastUpgradeCheck = 1130;
				ORGANIZATIONNAME = "Alexandre Henrique";
				TargetAttributes = {
					45B7CD5C23FF23FA0014821B = {
						CreatedOnToolsVersion = 11.3;
					};
					45B7CD7223FF23FC0014821B = {
						CreatedOnToolsVersion = 11.3;
						TestTargetID = 45B7CD5C23FF23FA0014821B;
					};
					45B7CD7D23FF23FC0014821B = {
						CreatedOnToolsVersion = 11.3;
						TestTargetID = 45B7CD5C23FF23FA0014821B;
					};
				};
			};
			buildConfigurationList = 45B7CD5823FF23FA0014821B /* Build configuration list for PBXProject "the-moviedb-app" */;
			compatibilityVersion = "Xcode 9.3";
			developmentRegion = en;
			hasScannedForEncodings = 0;
			knownRegions = (
				en,
				Base,
			);
			mainGroup = 45B7CD5423FF23FA0014821B;
			productRefGroup = 45B7CD5E23FF23FA0014821B /* Products */;
			projectDirPath = "";
			projectRoot = "";
			targets = (
				45B7CD5C23FF23FA0014821B /* the-moviedb-app */,
				45B7CD7223FF23FC0014821B /* the-moviedb-appTests */,
				45B7CD7D23FF23FC0014821B /* the-moviedb-appUITests */,
			);
		};
/* End PBXProject section */

/* Begin PBXResourcesBuildPhase section */
		45B7CD5B23FF23FA0014821B /* Resources */ = {
			isa = PBXResourcesBuildPhase;
			buildActionMask = 2147483647;
			files = (
				45B7CD6D23FF23FC0014821B /* LaunchScreen.storyboard in Resources */,
				45B7CD6A23FF23FC0014821B /* Assets.xcassets in Resources */,
			);
			runOnlyForDeploymentPostprocessing = 0;
		};
		45B7CD7123FF23FC0014821B /* Resources */ = {
			isa = PBXResourcesBuildPhase;
			buildActionMask = 2147483647;
			files = (
			);
			runOnlyForDeploymentPostprocessing = 0;
		};
		45B7CD7C23FF23FC0014821B /* Resources */ = {
			isa = PBXResourcesBuildPhase;
			buildActionMask = 2147483647;
			files = (
			);
			runOnlyForDeploymentPostprocessing = 0;
		};
/* End PBXResourcesBuildPhase section */

/* Begin PBXShellScriptBuildPhase section */
		5BE50E0E4F92A0AC287BE09A /* [CP] Check Pods Manifest.lock */ = {
			isa = PBXShellScriptBuildPhase;
			buildActionMask = 2147483647;
			files = (
			);
			inputFileListPaths = (
			);
			inputPaths = (
				"${PODS_PODFILE_DIR_PATH}/Podfile.lock",
				"${PODS_ROOT}/Manifest.lock",
			);
			name = "[CP] Check Pods Manifest.lock";
			outputFileListPaths = (
			);
			outputPaths = (
				"$(DERIVED_FILE_DIR)/Pods-the-moviedb-app-the-moviedb-appUITests-checkManifestLockResult.txt",
			);
			runOnlyForDeploymentPostprocessing = 0;
			shellPath = /bin/sh;
			shellScript = "diff \"${PODS_PODFILE_DIR_PATH}/Podfile.lock\" \"${PODS_ROOT}/Manifest.lock\" > /dev/null\nif [ $? != 0 ] ; then\n    # print error to STDERR\n    echo \"error: The sandbox is not in sync with the Podfile.lock. Run 'pod install' or update your CocoaPods installation.\" >&2\n    exit 1\nfi\n# This output is used by Xcode 'outputs' to avoid re-running this script phase.\necho \"SUCCESS\" > \"${SCRIPT_OUTPUT_FILE_0}\"\n";
			showEnvVarsInLog = 0;
		};
		BB7AB00FCF10594BBA069EFE /* [CP] Check Pods Manifest.lock */ = {
			isa = PBXShellScriptBuildPhase;
			buildActionMask = 2147483647;
			files = (
			);
			inputFileListPaths = (
			);
			inputPaths = (
				"${PODS_PODFILE_DIR_PATH}/Podfile.lock",
				"${PODS_ROOT}/Manifest.lock",
			);
			name = "[CP] Check Pods Manifest.lock";
			outputFileListPaths = (
			);
			outputPaths = (
				"$(DERIVED_FILE_DIR)/Pods-the-moviedb-app-checkManifestLockResult.txt",
			);
			runOnlyForDeploymentPostprocessing = 0;
			shellPath = /bin/sh;
			shellScript = "diff \"${PODS_PODFILE_DIR_PATH}/Podfile.lock\" \"${PODS_ROOT}/Manifest.lock\" > /dev/null\nif [ $? != 0 ] ; then\n    # print error to STDERR\n    echo \"error: The sandbox is not in sync with the Podfile.lock. Run 'pod install' or update your CocoaPods installation.\" >&2\n    exit 1\nfi\n# This output is used by Xcode 'outputs' to avoid re-running this script phase.\necho \"SUCCESS\" > \"${SCRIPT_OUTPUT_FILE_0}\"\n";
			showEnvVarsInLog = 0;
		};
		DD0FECCB8C0806DCCD416B98 /* [CP] Check Pods Manifest.lock */ = {
			isa = PBXShellScriptBuildPhase;
			buildActionMask = 2147483647;
			files = (
			);
			inputFileListPaths = (
			);
			inputPaths = (
				"${PODS_PODFILE_DIR_PATH}/Podfile.lock",
				"${PODS_ROOT}/Manifest.lock",
			);
			name = "[CP] Check Pods Manifest.lock";
			outputFileListPaths = (
			);
			outputPaths = (
				"$(DERIVED_FILE_DIR)/Pods-the-moviedb-appTests-checkManifestLockResult.txt",
			);
			runOnlyForDeploymentPostprocessing = 0;
			shellPath = /bin/sh;
			shellScript = "diff \"${PODS_PODFILE_DIR_PATH}/Podfile.lock\" \"${PODS_ROOT}/Manifest.lock\" > /dev/null\nif [ $? != 0 ] ; then\n    # print error to STDERR\n    echo \"error: The sandbox is not in sync with the Podfile.lock. Run 'pod install' or update your CocoaPods installation.\" >&2\n    exit 1\nfi\n# This output is used by Xcode 'outputs' to avoid re-running this script phase.\necho \"SUCCESS\" > \"${SCRIPT_OUTPUT_FILE_0}\"\n";
			showEnvVarsInLog = 0;
		};
/* End PBXShellScriptBuildPhase section */

/* Begin PBXSourcesBuildPhase section */
		45B7CD5923FF23FA0014821B /* Sources */ = {
			isa = PBXSourcesBuildPhase;
			buildActionMask = 2147483647;
			files = (
				45AA143C23FF6C5400CC6F6F /* UIViewExtension.swift in Sources */,
				45AA143223FF67FA00CC6F6F /* UpcomingMoviesViewControllerCollectionViewExtension.swift in Sources */,
				45B7CD6523FF23FA0014821B /* UpcomingViewController.swift in Sources */,
				45AA143E23FF721300CC6F6F /* UIFontExtension.swift in Sources */,
				45B7CD6123FF23FA0014821B /* AppDelegate.swift in Sources */,
				45AA143923FF6A4400CC6F6F /* PosterWithDescriptionCollectionViewCell.swift in Sources */,
				45B7CD6323FF23FA0014821B /* SceneDelegate.swift in Sources */,
			);
			runOnlyForDeploymentPostprocessing = 0;
		};
		45B7CD6F23FF23FC0014821B /* Sources */ = {
			isa = PBXSourcesBuildPhase;
			buildActionMask = 2147483647;
			files = (
				45B7CD7823FF23FC0014821B /* the_moviedb_appTests.swift in Sources */,
			);
			runOnlyForDeploymentPostprocessing = 0;
		};
		45B7CD7A23FF23FC0014821B /* Sources */ = {
			isa = PBXSourcesBuildPhase;
			buildActionMask = 2147483647;
			files = (
				45B7CD8323FF23FC0014821B /* the_moviedb_appUITests.swift in Sources */,
			);
			runOnlyForDeploymentPostprocessing = 0;
		};
/* End PBXSourcesBuildPhase section */

/* Begin PBXTargetDependency section */
		45B7CD7523FF23FC0014821B /* PBXTargetDependency */ = {
			isa = PBXTargetDependency;
			target = 45B7CD5C23FF23FA0014821B /* the-moviedb-app */;
			targetProxy = 45B7CD7423FF23FC0014821B /* PBXContainerItemProxy */;
		};
		45B7CD8023FF23FC0014821B /* PBXTargetDependency */ = {
			isa = PBXTargetDependency;
			target = 45B7CD5C23FF23FA0014821B /* the-moviedb-app */;
			targetProxy = 45B7CD7F23FF23FC0014821B /* PBXContainerItemProxy */;
		};
/* End PBXTargetDependency section */

/* Begin PBXVariantGroup section */
		45B7CD6B23FF23FC0014821B /* LaunchScreen.storyboard */ = {
			isa = PBXVariantGroup;
			children = (
				45B7CD6C23FF23FC0014821B /* Base */,
			);
			name = LaunchScreen.storyboard;
			sourceTree = "<group>";
		};
/* End PBXVariantGroup section */

/* Begin XCBuildConfiguration section */
		45B7CD8523FF23FC0014821B /* Debug */ = {
			isa = XCBuildConfiguration;
			buildSettings = {
				ALWAYS_SEARCH_USER_PATHS = NO;
				CLANG_ANALYZER_NONNULL = YES;
				CLANG_ANALYZER_NUMBER_OBJECT_CONVERSION = YES_AGGRESSIVE;
				CLANG_CXX_LANGUAGE_STANDARD = "gnu++14";
				CLANG_CXX_LIBRARY = "libc++";
				CLANG_ENABLE_MODULES = YES;
				CLANG_ENABLE_OBJC_ARC = YES;
				CLANG_ENABLE_OBJC_WEAK = YES;
				CLANG_WARN_BLOCK_CAPTURE_AUTORELEASING = YES;
				CLANG_WARN_BOOL_CONVERSION = YES;
				CLANG_WARN_COMMA = YES;
				CLANG_WARN_CONSTANT_CONVERSION = YES;
				CLANG_WARN_DEPRECATED_OBJC_IMPLEMENTATIONS = YES;
				CLANG_WARN_DIRECT_OBJC_ISA_USAGE = YES_ERROR;
				CLANG_WARN_DOCUMENTATION_COMMENTS = YES;
				CLANG_WARN_EMPTY_BODY = YES;
				CLANG_WARN_ENUM_CONVERSION = YES;
				CLANG_WARN_INFINITE_RECURSION = YES;
				CLANG_WARN_INT_CONVERSION = YES;
				CLANG_WARN_NON_LITERAL_NULL_CONVERSION = YES;
				CLANG_WARN_OBJC_IMPLICIT_RETAIN_SELF = YES;
				CLANG_WARN_OBJC_LITERAL_CONVERSION = YES;
				CLANG_WARN_OBJC_ROOT_CLASS = YES_ERROR;
				CLANG_WARN_RANGE_LOOP_ANALYSIS = YES;
				CLANG_WARN_STRICT_PROTOTYPES = YES;
				CLANG_WARN_SUSPICIOUS_MOVE = YES;
				CLANG_WARN_UNGUARDED_AVAILABILITY = YES_AGGRESSIVE;
				CLANG_WARN_UNREACHABLE_CODE = YES;
				CLANG_WARN__DUPLICATE_METHOD_MATCH = YES;
				COPY_PHASE_STRIP = NO;
				DEBUG_INFORMATION_FORMAT = dwarf;
				ENABLE_STRICT_OBJC_MSGSEND = YES;
				ENABLE_TESTABILITY = YES;
				GCC_C_LANGUAGE_STANDARD = gnu11;
				GCC_DYNAMIC_NO_PIC = NO;
				GCC_NO_COMMON_BLOCKS = YES;
				GCC_OPTIMIZATION_LEVEL = 0;
				GCC_PREPROCESSOR_DEFINITIONS = (
					"DEBUG=1",
					"$(inherited)",
				);
				GCC_WARN_64_TO_32_BIT_CONVERSION = YES;
				GCC_WARN_ABOUT_RETURN_TYPE = YES_ERROR;
				GCC_WARN_UNDECLARED_SELECTOR = YES;
				GCC_WARN_UNINITIALIZED_AUTOS = YES_AGGRESSIVE;
				GCC_WARN_UNUSED_FUNCTION = YES;
				GCC_WARN_UNUSED_VARIABLE = YES;
				IPHONEOS_DEPLOYMENT_TARGET = 13.2;
				MTL_ENABLE_DEBUG_INFO = INCLUDE_SOURCE;
				MTL_FAST_MATH = YES;
				ONLY_ACTIVE_ARCH = YES;
				SDKROOT = iphoneos;
				SWIFT_ACTIVE_COMPILATION_CONDITIONS = DEBUG;
				SWIFT_OPTIMIZATION_LEVEL = "-Onone";
			};
			name = Debug;
		};
		45B7CD8623FF23FC0014821B /* Release */ = {
			isa = XCBuildConfiguration;
			buildSettings = {
				ALWAYS_SEARCH_USER_PATHS = NO;
				CLANG_ANALYZER_NONNULL = YES;
				CLANG_ANALYZER_NUMBER_OBJECT_CONVERSION = YES_AGGRESSIVE;
				CLANG_CXX_LANGUAGE_STANDARD = "gnu++14";
				CLANG_CXX_LIBRARY = "libc++";
				CLANG_ENABLE_MODULES = YES;
				CLANG_ENABLE_OBJC_ARC = YES;
				CLANG_ENABLE_OBJC_WEAK = YES;
				CLANG_WARN_BLOCK_CAPTURE_AUTORELEASING = YES;
				CLANG_WARN_BOOL_CONVERSION = YES;
				CLANG_WARN_COMMA = YES;
				CLANG_WARN_CONSTANT_CONVERSION = YES;
				CLANG_WARN_DEPRECATED_OBJC_IMPLEMENTATIONS = YES;
				CLANG_WARN_DIRECT_OBJC_ISA_USAGE = YES_ERROR;
				CLANG_WARN_DOCUMENTATION_COMMENTS = YES;
				CLANG_WARN_EMPTY_BODY = YES;
				CLANG_WARN_ENUM_CONVERSION = YES;
				CLANG_WARN_INFINITE_RECURSION = YES;
				CLANG_WARN_INT_CONVERSION = YES;
				CLANG_WARN_NON_LITERAL_NULL_CONVERSION = YES;
				CLANG_WARN_OBJC_IMPLICIT_RETAIN_SELF = YES;
				CLANG_WARN_OBJC_LITERAL_CONVERSION = YES;
				CLANG_WARN_OBJC_ROOT_CLASS = YES_ERROR;
				CLANG_WARN_RANGE_LOOP_ANALYSIS = YES;
				CLANG_WARN_STRICT_PROTOTYPES = YES;
				CLANG_WARN_SUSPICIOUS_MOVE = YES;
				CLANG_WARN_UNGUARDED_AVAILABILITY = YES_AGGRESSIVE;
				CLANG_WARN_UNREACHABLE_CODE = YES;
				CLANG_WARN__DUPLICATE_METHOD_MATCH = YES;
				COPY_PHASE_STRIP = NO;
				DEBUG_INFORMATION_FORMAT = "dwarf-with-dsym";
				ENABLE_NS_ASSERTIONS = NO;
				ENABLE_STRICT_OBJC_MSGSEND = YES;
				GCC_C_LANGUAGE_STANDARD = gnu11;
				GCC_NO_COMMON_BLOCKS = YES;
				GCC_WARN_64_TO_32_BIT_CONVERSION = YES;
				GCC_WARN_ABOUT_RETURN_TYPE = YES_ERROR;
				GCC_WARN_UNDECLARED_SELECTOR = YES;
				GCC_WARN_UNINITIALIZED_AUTOS = YES_AGGRESSIVE;
				GCC_WARN_UNUSED_FUNCTION = YES;
				GCC_WARN_UNUSED_VARIABLE = YES;
				IPHONEOS_DEPLOYMENT_TARGET = 13.2;
				MTL_ENABLE_DEBUG_INFO = NO;
				MTL_FAST_MATH = YES;
				SDKROOT = iphoneos;
				SWIFT_COMPILATION_MODE = wholemodule;
				SWIFT_OPTIMIZATION_LEVEL = "-O";
				VALIDATE_PRODUCT = YES;
			};
			name = Release;
		};
		45B7CD8823FF23FC0014821B /* Debug */ = {
			isa = XCBuildConfiguration;
			baseConfigurationReference = 04B3E82E06BE89DC05B0D699 /* Pods-the-moviedb-app.debug.xcconfig */;
			buildSettings = {
				ASSETCATALOG_COMPILER_APPICON_NAME = AppIcon;
				CODE_SIGN_STYLE = Automatic;
				DEVELOPMENT_TEAM = 8NJN76E9UZ;
				INFOPLIST_FILE = "the-moviedb-app/Info.plist";
				LD_RUNPATH_SEARCH_PATHS = (
					"$(inherited)",
					"@executable_path/Frameworks",
				);
				PRODUCT_BUNDLE_IDENTIFIER = "com.alexandre.the-moviedb-app";
				PRODUCT_NAME = "$(TARGET_NAME)";
				SWIFT_VERSION = 5.0;
				TARGETED_DEVICE_FAMILY = "1,2";
			};
			name = Debug;
		};
		45B7CD8923FF23FC0014821B /* Release */ = {
			isa = XCBuildConfiguration;
			baseConfigurationReference = 2B1AAF777239999A11C75283 /* Pods-the-moviedb-app.release.xcconfig */;
			buildSettings = {
				ASSETCATALOG_COMPILER_APPICON_NAME = AppIcon;
				CODE_SIGN_STYLE = Automatic;
				DEVELOPMENT_TEAM = 8NJN76E9UZ;
				INFOPLIST_FILE = "the-moviedb-app/Info.plist";
				LD_RUNPATH_SEARCH_PATHS = (
					"$(inherited)",
					"@executable_path/Frameworks",
				);
				PRODUCT_BUNDLE_IDENTIFIER = "com.alexandre.the-moviedb-app";
				PRODUCT_NAME = "$(TARGET_NAME)";
				SWIFT_VERSION = 5.0;
				TARGETED_DEVICE_FAMILY = "1,2";
			};
			name = Release;
		};
		45B7CD8B23FF23FC0014821B /* Debug */ = {
			isa = XCBuildConfiguration;
			baseConfigurationReference = 6FAA2303DA544ADD8C8EC4C1 /* Pods-the-moviedb-appTests.debug.xcconfig */;
			buildSettings = {
				ALWAYS_EMBED_SWIFT_STANDARD_LIBRARIES = YES;
				BUNDLE_LOADER = "$(TEST_HOST)";
				CODE_SIGN_STYLE = Automatic;
				DEVELOPMENT_TEAM = 8NJN76E9UZ;
				INFOPLIST_FILE = "the-moviedb-appTests/Info.plist";
				IPHONEOS_DEPLOYMENT_TARGET = 13.2;
				LD_RUNPATH_SEARCH_PATHS = (
					"$(inherited)",
					"@executable_path/Frameworks",
					"@loader_path/Frameworks",
				);
				PRODUCT_BUNDLE_IDENTIFIER = "com.alexandre.the-moviedb-appTests";
				PRODUCT_NAME = "$(TARGET_NAME)";
				SWIFT_VERSION = 5.0;
				TARGETED_DEVICE_FAMILY = "1,2";
				TEST_HOST = "$(BUILT_PRODUCTS_DIR)/the-moviedb-app.app/the-moviedb-app";
			};
			name = Debug;
		};
		45B7CD8C23FF23FC0014821B /* Release */ = {
			isa = XCBuildConfiguration;
			baseConfigurationReference = 4458663D3AAD31578BC6D7E0 /* Pods-the-moviedb-appTests.release.xcconfig */;
			buildSettings = {
				ALWAYS_EMBED_SWIFT_STANDARD_LIBRARIES = YES;
				BUNDLE_LOADER = "$(TEST_HOST)";
				CODE_SIGN_STYLE = Automatic;
				DEVELOPMENT_TEAM = 8NJN76E9UZ;
				INFOPLIST_FILE = "the-moviedb-appTests/Info.plist";
				IPHONEOS_DEPLOYMENT_TARGET = 13.2;
				LD_RUNPATH_SEARCH_PATHS = (
					"$(inherited)",
					"@executable_path/Frameworks",
					"@loader_path/Frameworks",
				);
				PRODUCT_BUNDLE_IDENTIFIER = "com.alexandre.the-moviedb-appTests";
				PRODUCT_NAME = "$(TARGET_NAME)";
				SWIFT_VERSION = 5.0;
				TARGETED_DEVICE_FAMILY = "1,2";
				TEST_HOST = "$(BUILT_PRODUCTS_DIR)/the-moviedb-app.app/the-moviedb-app";
			};
			name = Release;
		};
		45B7CD8E23FF23FC0014821B /* Debug */ = {
			isa = XCBuildConfiguration;
			baseConfigurationReference = 70AEBF40D81DBF9424242FCB /* Pods-the-moviedb-app-the-moviedb-appUITests.debug.xcconfig */;
			buildSettings = {
				ALWAYS_EMBED_SWIFT_STANDARD_LIBRARIES = YES;
				CODE_SIGN_STYLE = Automatic;
				DEVELOPMENT_TEAM = 8NJN76E9UZ;
				INFOPLIST_FILE = "the-moviedb-appUITests/Info.plist";
				LD_RUNPATH_SEARCH_PATHS = (
					"$(inherited)",
					"@executable_path/Frameworks",
					"@loader_path/Frameworks",
				);
				PRODUCT_BUNDLE_IDENTIFIER = "com.alexandre.the-moviedb-appUITests";
				PRODUCT_NAME = "$(TARGET_NAME)";
				SWIFT_VERSION = 5.0;
				TARGETED_DEVICE_FAMILY = "1,2";
				TEST_TARGET_NAME = "the-moviedb-app";
			};
			name = Debug;
		};
		45B7CD8F23FF23FC0014821B /* Release */ = {
			isa = XCBuildConfiguration;
			baseConfigurationReference = 06FC2A9A5EB3F0F62D9FF826 /* Pods-the-moviedb-app-the-moviedb-appUITests.release.xcconfig */;
			buildSettings = {
				ALWAYS_EMBED_SWIFT_STANDARD_LIBRARIES = YES;
				CODE_SIGN_STYLE = Automatic;
				DEVELOPMENT_TEAM = 8NJN76E9UZ;
				INFOPLIST_FILE = "the-moviedb-appUITests/Info.plist";
				LD_RUNPATH_SEARCH_PATHS = (
					"$(inherited)",
					"@executable_path/Frameworks",
					"@loader_path/Frameworks",
				);
				PRODUCT_BUNDLE_IDENTIFIER = "com.alexandre.the-moviedb-appUITests";
				PRODUCT_NAME = "$(TARGET_NAME)";
				SWIFT_VERSION = 5.0;
				TARGETED_DEVICE_FAMILY = "1,2";
				TEST_TARGET_NAME = "the-moviedb-app";
			};
			name = Release;
		};
/* End XCBuildConfiguration section */

/* Begin XCConfigurationList section */
		45B7CD5823FF23FA0014821B /* Build configuration list for PBXProject "the-moviedb-app" */ = {
			isa = XCConfigurationList;
			buildConfigurations = (
				45B7CD8523FF23FC0014821B /* Debug */,
				45B7CD8623FF23FC0014821B /* Release */,
			);
			defaultConfigurationIsVisible = 0;
			defaultConfigurationName = Release;
		};
		45B7CD8723FF23FC0014821B /* Build configuration list for PBXNativeTarget "the-moviedb-app" */ = {
			isa = XCConfigurationList;
			buildConfigurations = (
				45B7CD8823FF23FC0014821B /* Debug */,
				45B7CD8923FF23FC0014821B /* Release */,
			);
			defaultConfigurationIsVisible = 0;
			defaultConfigurationName = Release;
		};
		45B7CD8A23FF23FC0014821B /* Build configuration list for PBXNativeTarget "the-moviedb-appTests" */ = {
			isa = XCConfigurationList;
			buildConfigurations = (
				45B7CD8B23FF23FC0014821B /* Debug */,
				45B7CD8C23FF23FC0014821B /* Release */,
			);
			defaultConfigurationIsVisible = 0;
			defaultConfigurationName = Release;
		};
		45B7CD8D23FF23FC0014821B /* Build configuration list for PBXNativeTarget "the-moviedb-appUITests" */ = {
			isa = XCConfigurationList;
			buildConfigurations = (
				45B7CD8E23FF23FC0014821B /* Debug */,
				45B7CD8F23FF23FC0014821B /* Release */,
			);
			defaultConfigurationIsVisible = 0;
			defaultConfigurationName = Release;
		};
/* End XCConfigurationList section */
	};
	rootObject = 45B7CD5523FF23FA0014821B /* Project object */;
}
