// !$*UTF8*$!
{
	archiveVersion = 1;
	classes = {
	};
	objectVersion = 51;
	objects = {

/* Begin PBXBuildFile section */
		457B0F0F24031E19002ABF76 /* ActionBlock.swift in Sources */ = {isa = PBXBuildFile; fileRef = 457B0F0E24031E19002ABF76 /* ActionBlock.swift */; };
		457B0F1724035D0E002ABF76 /* UpcomingMoviesPresenterMock.swift in Sources */ = {isa = PBXBuildFile; fileRef = 457B0F1624035D0E002ABF76 /* UpcomingMoviesPresenterMock.swift */; };
		457B0F1924035E65002ABF76 /* UpcomingMoviesViewControllerPresentationTest.swift in Sources */ = {isa = PBXBuildFile; fileRef = 457B0F1824035E65002ABF76 /* UpcomingMoviesViewControllerPresentationTest.swift */; };
		457B0F1C24040738002ABF76 /* MovieDetailViewControllerTest.swift in Sources */ = {isa = PBXBuildFile; fileRef = 457B0F1B24040738002ABF76 /* MovieDetailViewControllerTest.swift */; };
		457B0F1E2404210C002ABF76 /* UpcomingMoviesViewControllerTest.swift in Sources */ = {isa = PBXBuildFile; fileRef = 457B0F1D2404210C002ABF76 /* UpcomingMoviesViewControllerTest.swift */; };
		457B0F21240421F7002ABF76 /* MovieBuilder.swift in Sources */ = {isa = PBXBuildFile; fileRef = 457B0F20240421F7002ABF76 /* MovieBuilder.swift */; };
		45A42D1E24017B7A0078CF75 /* UpcomingMoviesContract.swift in Sources */ = {isa = PBXBuildFile; fileRef = 45A42D1D24017B7A0078CF75 /* UpcomingMoviesContract.swift */; };
		45A42D2024017BD10078CF75 /* UpcomingMoviesPresenter.swift in Sources */ = {isa = PBXBuildFile; fileRef = 45A42D1F24017BD10078CF75 /* UpcomingMoviesPresenter.swift */; };
		45A42D2324017DB90078CF75 /* BaseViewContract.swift in Sources */ = {isa = PBXBuildFile; fileRef = 45A42D2224017DB90078CF75 /* BaseViewContract.swift */; };
		45A42D2524017E040078CF75 /* UIViewControllerExtension.swift in Sources */ = {isa = PBXBuildFile; fileRef = 45A42D2424017E040078CF75 /* UIViewControllerExtension.swift */; };
		45A42D272401A34A0078CF75 /* UIImageViewExtension.swift in Sources */ = {isa = PBXBuildFile; fileRef = 45A42D262401A34A0078CF75 /* UIImageViewExtension.swift */; };
		45A42D292401E2450078CF75 /* GetGenreUseCase.swift in Sources */ = {isa = PBXBuildFile; fileRef = 45A42D282401E2450078CF75 /* GetGenreUseCase.swift */; };
		45A42D2C2401FF510078CF75 /* GenreResponse.swift in Sources */ = {isa = PBXBuildFile; fileRef = 45A42D2B2401FF510078CF75 /* GenreResponse.swift */; };
		45A42D2E2401FFBC0078CF75 /* GenreConverter.swift in Sources */ = {isa = PBXBuildFile; fileRef = 45A42D2D2401FFBC0078CF75 /* GenreConverter.swift */; };
		45A42D302401FFFE0078CF75 /* GenreEntity.swift in Sources */ = {isa = PBXBuildFile; fileRef = 45A42D2F2401FFFE0078CF75 /* GenreEntity.swift */; };
		45A42D32240205370078CF75 /* UIImageExtension.swift in Sources */ = {isa = PBXBuildFile; fileRef = 45A42D31240205370078CF75 /* UIImageExtension.swift */; };
		45A42D35240216BD0078CF75 /* MovieDetailViewController.swift in Sources */ = {isa = PBXBuildFile; fileRef = 45A42D34240216BD0078CF75 /* MovieDetailViewController.swift */; };
		45A42D37240217CF0078CF75 /* UpcomingMoviesViewControllerMethodsExtension.swift in Sources */ = {isa = PBXBuildFile; fileRef = 45A42D36240217CF0078CF75 /* UpcomingMoviesViewControllerMethodsExtension.swift */; };
		45A42D3A24021B020078CF75 /* MovieDetailLayoutViewController.swift in Sources */ = {isa = PBXBuildFile; fileRef = 45A42D3924021B020078CF75 /* MovieDetailLayoutViewController.swift */; };
		45A42D3C2402B4CD0078CF75 /* GetConfigurationUseCase.swift in Sources */ = {isa = PBXBuildFile; fileRef = 45A42D3B2402B4CD0078CF75 /* GetConfigurationUseCase.swift */; };
		45A42D3F2402B5150078CF75 /* CountryEntity.swift in Sources */ = {isa = PBXBuildFile; fileRef = 45A42D3E2402B5150078CF75 /* CountryEntity.swift */; };
		45A42D412402B5250078CF75 /* CountryResponse.swift in Sources */ = {isa = PBXBuildFile; fileRef = 45A42D402402B5250078CF75 /* CountryResponse.swift */; };
		45A42D432402B5D10078CF75 /* ConfigurationConverter.swift in Sources */ = {isa = PBXBuildFile; fileRef = 45A42D422402B5D10078CF75 /* ConfigurationConverter.swift */; };
		45A42D452402C24C0078CF75 /* StringExtension.swift in Sources */ = {isa = PBXBuildFile; fileRef = 45A42D442402C24C0078CF75 /* StringExtension.swift */; };
		45AA143223FF67FA00CC6F6F /* UpcomingMoviesViewControllerDelegateExtension.swift in Sources */ = {isa = PBXBuildFile; fileRef = 45AA143123FF67FA00CC6F6F /* UpcomingMoviesViewControllerDelegateExtension.swift */; };
		45AA143923FF6A4400CC6F6F /* PosterWithDescriptionCollectionViewCell.swift in Sources */ = {isa = PBXBuildFile; fileRef = 45AA143823FF6A4400CC6F6F /* PosterWithDescriptionCollectionViewCell.swift */; };
		45AA143C23FF6C5400CC6F6F /* UIViewExtension.swift in Sources */ = {isa = PBXBuildFile; fileRef = 45AA143B23FF6C5400CC6F6F /* UIViewExtension.swift */; };
		45AA143E23FF721300CC6F6F /* UIFontExtension.swift in Sources */ = {isa = PBXBuildFile; fileRef = 45AA143D23FF721300CC6F6F /* UIFontExtension.swift */; };
		45AA14402400005600CC6F6F /* UpcomingMoviesViewControllerLayoutExtension.swift in Sources */ = {isa = PBXBuildFile; fileRef = 45AA143F2400005600CC6F6F /* UpcomingMoviesViewControllerLayoutExtension.swift */; };
		45AA14452400AF8000CC6F6F /* AppStrings.swift in Sources */ = {isa = PBXBuildFile; fileRef = 45AA14442400AF8000CC6F6F /* AppStrings.swift */; };
		45AA14482400B02500CC6F6F /* Localizable.strings in Resources */ = {isa = PBXBuildFile; fileRef = 45AA144A2400B02500CC6F6F /* Localizable.strings */; };
		45AA14502400B49800CC6F6F /* URLBuilder.swift in Sources */ = {isa = PBXBuildFile; fileRef = 45AA144F2400B49800CC6F6F /* URLBuilder.swift */; };
		45AA14542400BD2700CC6F6F /* LanguageEnum.swift in Sources */ = {isa = PBXBuildFile; fileRef = 45AA14532400BD2700CC6F6F /* LanguageEnum.swift */; };
		45AA14572401594C00CC6F6F /* GetMovieUseCase.swift in Sources */ = {isa = PBXBuildFile; fileRef = 45AA14562401594C00CC6F6F /* GetMovieUseCase.swift */; };
		45AA14592401597C00CC6F6F /* InjectionUseCase.swift in Sources */ = {isa = PBXBuildFile; fileRef = 45AA14582401597C00CC6F6F /* InjectionUseCase.swift */; };
		45AA145B240159C700CC6F6F /* BaseCallback.swift in Sources */ = {isa = PBXBuildFile; fileRef = 45AA145A240159C700CC6F6F /* BaseCallback.swift */; };
		45AA145D24015A0F00CC6F6F /* TypedCallbackEnum.swift in Sources */ = {isa = PBXBuildFile; fileRef = 45AA145C24015A0F00CC6F6F /* TypedCallbackEnum.swift */; };
		45AA1462240161C000CC6F6F /* MovieDTO.swift in Sources */ = {isa = PBXBuildFile; fileRef = 45AA1461240161C000CC6F6F /* MovieDTO.swift */; };
		45AA1464240163DC00CC6F6F /* GenericRequest.swift in Sources */ = {isa = PBXBuildFile; fileRef = 45AA1463240163DC00CC6F6F /* GenericRequest.swift */; };
		45AA14662401640300CC6F6F /* CodableExtension.swift in Sources */ = {isa = PBXBuildFile; fileRef = 45AA14652401640200CC6F6F /* CodableExtension.swift */; };
		45AA14682401642A00CC6F6F /* HTTPOperationEnum.swift in Sources */ = {isa = PBXBuildFile; fileRef = 45AA14672401642A00CC6F6F /* HTTPOperationEnum.swift */; };
		45AA146A2401654800CC6F6F /* MovieResponse.swift in Sources */ = {isa = PBXBuildFile; fileRef = 45AA14692401654800CC6F6F /* MovieResponse.swift */; };
		45AA146D2401693500CC6F6F /* MovieConverter.swift in Sources */ = {isa = PBXBuildFile; fileRef = 45AA146C2401693500CC6F6F /* MovieConverter.swift */; };
		45AA146F2401694F00CC6F6F /* MovieEntity.swift in Sources */ = {isa = PBXBuildFile; fileRef = 45AA146E2401694F00CC6F6F /* MovieEntity.swift */; };
		45B7CD6123FF23FA0014821B /* AppDelegate.swift in Sources */ = {isa = PBXBuildFile; fileRef = 45B7CD6023FF23FA0014821B /* AppDelegate.swift */; };
		45B7CD6323FF23FA0014821B /* SceneDelegate.swift in Sources */ = {isa = PBXBuildFile; fileRef = 45B7CD6223FF23FA0014821B /* SceneDelegate.swift */; };
		45B7CD6523FF23FA0014821B /* UpcomingMoviesViewController.swift in Sources */ = {isa = PBXBuildFile; fileRef = 45B7CD6423FF23FA0014821B /* UpcomingMoviesViewController.swift */; };
		45B7CD6A23FF23FC0014821B /* Assets.xcassets in Resources */ = {isa = PBXBuildFile; fileRef = 45B7CD6923FF23FC0014821B /* Assets.xcassets */; };
		45B7CD6D23FF23FC0014821B /* LaunchScreen.storyboard in Resources */ = {isa = PBXBuildFile; fileRef = 45B7CD6B23FF23FC0014821B /* LaunchScreen.storyboard */; };
		45B7CD8323FF23FC0014821B /* the_moviedb_appUITests.swift in Sources */ = {isa = PBXBuildFile; fileRef = 45B7CD8223FF23FC0014821B /* the_moviedb_appUITests.swift */; };
		45C980342402DC9E00AEB504 /* XCTestExtension.swift in Sources */ = {isa = PBXBuildFile; fileRef = 45C980332402DC9E00AEB504 /* XCTestExtension.swift */; };
		45C980372402DCF200AEB504 /* GetMovieUseCaseTest.swift in Sources */ = {isa = PBXBuildFile; fileRef = 45C980362402DCF200AEB504 /* GetMovieUseCaseTest.swift */; };
		45C980392402DCFD00AEB504 /* GetGenreUseCaseTest.swift in Sources */ = {isa = PBXBuildFile; fileRef = 45C980382402DCFD00AEB504 /* GetGenreUseCaseTest.swift */; };
		45C9803B2402DD0800AEB504 /* GetConfigurationUseCaseTest.swift in Sources */ = {isa = PBXBuildFile; fileRef = 45C9803A2402DD0800AEB504 /* GetConfigurationUseCaseTest.swift */; };
		45EEFEFD240464D90053E647 /* UpcomingMoviesTest.swift in Sources */ = {isa = PBXBuildFile; fileRef = 45EEFEFC240464D90053E647 /* UpcomingMoviesTest.swift */; };
		45EEFF07240470DD0053E647 /* UpcomingMovies.json in Resources */ = {isa = PBXBuildFile; fileRef = 457A74442402EC5200CD5DFC /* UpcomingMovies.json */; };
		45EEFF08240470DD0053E647 /* Poster.jpg in Resources */ = {isa = PBXBuildFile; fileRef = 457A744A2402EE0C00CD5DFC /* Poster.jpg */; };
		45EEFF09240470DD0053E647 /* Countries.json in Resources */ = {isa = PBXBuildFile; fileRef = 457A74462402ECA800CD5DFC /* Countries.json */; };
		45EEFF0A240470DD0053E647 /* Genres.json in Resources */ = {isa = PBXBuildFile; fileRef = 457A74482402ECC500CD5DFC /* Genres.json */; };
		45EEFF0B240470DD0053E647 /* StubFileLoader.swift in Sources */ = {isa = PBXBuildFile; fileRef = 457B0F0B24031985002ABF76 /* StubFileLoader.swift */; };
		45EEFF0C240470DD0053E647 /* StubManager.swift in Sources */ = {isa = PBXBuildFile; fileRef = 45C9803C2402E65500AEB504 /* StubManager.swift */; };
		45EEFF0E2404A1270053E647 /* UpcomingMoviesBR.json in Resources */ = {isa = PBXBuildFile; fileRef = 45EEFF0D2404A1270053E647 /* UpcomingMoviesBR.json */; };
		45EEFF0F2404A46F0053E647 /* XCTestExtension.swift in Sources */ = {isa = PBXBuildFile; fileRef = 45C980332402DC9E00AEB504 /* XCTestExtension.swift */; };
		958308A4184BA5233F217B7A /* Pods_the_moviedb_appTests.framework in Frameworks */ = {isa = PBXBuildFile; fileRef = 25A9D31CD4510C4845B11082 /* Pods_the_moviedb_appTests.framework */; };
		C2FBB4E8BFA5A4AE1D550954 /* Pods_the_moviedb_app.framework in Frameworks */ = {isa = PBXBuildFile; fileRef = 5AA14F224EE58EF263CB4B36 /* Pods_the_moviedb_app.framework */; };
		EF7B9206663CF33B562C3B64 /* Pods_the_moviedb_app_the_moviedb_appUITests.framework in Frameworks */ = {isa = PBXBuildFile; fileRef = D7C82FCA732674F0FC5A926F /* Pods_the_moviedb_app_the_moviedb_appUITests.framework */; };
/* End PBXBuildFile section */

/* Begin PBXContainerItemProxy section */
		45B7CD7423FF23FC0014821B /* PBXContainerItemProxy */ = {
			isa = PBXContainerItemProxy;
			containerPortal = 45B7CD5523FF23FA0014821B /* Project object */;
			proxyType = 1;
			remoteGlobalIDString = 45B7CD5C23FF23FA0014821B;
			remoteInfo = "the-moviedb-app";
		};
		45B7CD7F23FF23FC0014821B /* PBXContainerItemProxy */ = {
			isa = PBXContainerItemProxy;
			containerPortal = 45B7CD5523FF23FA0014821B /* Project object */;
			proxyType = 1;
			remoteGlobalIDString = 45B7CD5C23FF23FA0014821B;
			remoteInfo = "the-moviedb-app";
		};
/* End PBXContainerItemProxy section */

/* Begin PBXFileReference section */
		04B3E82E06BE89DC05B0D699 /* Pods-the-moviedb-app.debug.xcconfig */ = {isa = PBXFileReference; includeInIndex = 1; lastKnownFileType = text.xcconfig; name = "Pods-the-moviedb-app.debug.xcconfig"; path = "Target Support Files/Pods-the-moviedb-app/Pods-the-moviedb-app.debug.xcconfig"; sourceTree = "<group>"; };
		06FC2A9A5EB3F0F62D9FF826 /* Pods-the-moviedb-app-the-moviedb-appUITests.release.xcconfig */ = {isa = PBXFileReference; includeInIndex = 1; lastKnownFileType = text.xcconfig; name = "Pods-the-moviedb-app-the-moviedb-appUITests.release.xcconfig"; path = "Target Support Files/Pods-the-moviedb-app-the-moviedb-appUITests/Pods-the-moviedb-app-the-moviedb-appUITests.release.xcconfig"; sourceTree = "<group>"; };
		25A9D31CD4510C4845B11082 /* Pods_the_moviedb_appTests.framework */ = {isa = PBXFileReference; explicitFileType = wrapper.framework; includeInIndex = 0; path = Pods_the_moviedb_appTests.framework; sourceTree = BUILT_PRODUCTS_DIR; };
		2B1AAF777239999A11C75283 /* Pods-the-moviedb-app.release.xcconfig */ = {isa = PBXFileReference; includeInIndex = 1; lastKnownFileType = text.xcconfig; name = "Pods-the-moviedb-app.release.xcconfig"; path = "Target Support Files/Pods-the-moviedb-app/Pods-the-moviedb-app.release.xcconfig"; sourceTree = "<group>"; };
		4458663D3AAD31578BC6D7E0 /* Pods-the-moviedb-appTests.release.xcconfig */ = {isa = PBXFileReference; includeInIndex = 1; lastKnownFileType = text.xcconfig; name = "Pods-the-moviedb-appTests.release.xcconfig"; path = "Target Support Files/Pods-the-moviedb-appTests/Pods-the-moviedb-appTests.release.xcconfig"; sourceTree = "<group>"; };
		457A74442402EC5200CD5DFC /* UpcomingMovies.json */ = {isa = PBXFileReference; lastKnownFileType = text.json; path = UpcomingMovies.json; sourceTree = "<group>"; };
		457A74462402ECA800CD5DFC /* Countries.json */ = {isa = PBXFileReference; lastKnownFileType = text.json; path = Countries.json; sourceTree = "<group>"; };
		457A74482402ECC500CD5DFC /* Genres.json */ = {isa = PBXFileReference; lastKnownFileType = text.json; path = Genres.json; sourceTree = "<group>"; };
		457A744A2402EE0C00CD5DFC /* Poster.jpg */ = {isa = PBXFileReference; lastKnownFileType = image.jpeg; path = Poster.jpg; sourceTree = "<group>"; };
		457B0F0B24031985002ABF76 /* StubFileLoader.swift */ = {isa = PBXFileReference; lastKnownFileType = sourcecode.swift; path = StubFileLoader.swift; sourceTree = "<group>"; };
		457B0F0E24031E19002ABF76 /* ActionBlock.swift */ = {isa = PBXFileReference; lastKnownFileType = sourcecode.swift; path = ActionBlock.swift; sourceTree = "<group>"; };
		457B0F1624035D0E002ABF76 /* UpcomingMoviesPresenterMock.swift */ = {isa = PBXFileReference; lastKnownFileType = sourcecode.swift; path = UpcomingMoviesPresenterMock.swift; sourceTree = "<group>"; };
		457B0F1824035E65002ABF76 /* UpcomingMoviesViewControllerPresentationTest.swift */ = {isa = PBXFileReference; lastKnownFileType = sourcecode.swift; path = UpcomingMoviesViewControllerPresentationTest.swift; sourceTree = "<group>"; };
		457B0F1B24040738002ABF76 /* MovieDetailViewControllerTest.swift */ = {isa = PBXFileReference; lastKnownFileType = sourcecode.swift; path = MovieDetailViewControllerTest.swift; sourceTree = "<group>"; };
		457B0F1D2404210C002ABF76 /* UpcomingMoviesViewControllerTest.swift */ = {isa = PBXFileReference; lastKnownFileType = sourcecode.swift; path = UpcomingMoviesViewControllerTest.swift; sourceTree = "<group>"; };
		457B0F20240421F7002ABF76 /* MovieBuilder.swift */ = {isa = PBXFileReference; lastKnownFileType = sourcecode.swift; path = MovieBuilder.swift; sourceTree = "<group>"; };
		45A42D1D24017B7A0078CF75 /* UpcomingMoviesContract.swift */ = {isa = PBXFileReference; lastKnownFileType = sourcecode.swift; path = UpcomingMoviesContract.swift; sourceTree = "<group>"; };
		45A42D1F24017BD10078CF75 /* UpcomingMoviesPresenter.swift */ = {isa = PBXFileReference; lastKnownFileType = sourcecode.swift; path = UpcomingMoviesPresenter.swift; sourceTree = "<group>"; };
		45A42D2224017DB90078CF75 /* BaseViewContract.swift */ = {isa = PBXFileReference; lastKnownFileType = sourcecode.swift; path = BaseViewContract.swift; sourceTree = "<group>"; };
		45A42D2424017E040078CF75 /* UIViewControllerExtension.swift */ = {isa = PBXFileReference; lastKnownFileType = sourcecode.swift; path = UIViewControllerExtension.swift; sourceTree = "<group>"; };
		45A42D262401A34A0078CF75 /* UIImageViewExtension.swift */ = {isa = PBXFileReference; lastKnownFileType = sourcecode.swift; path = UIImageViewExtension.swift; sourceTree = "<group>"; };
		45A42D282401E2450078CF75 /* GetGenreUseCase.swift */ = {isa = PBXFileReference; lastKnownFileType = sourcecode.swift; path = GetGenreUseCase.swift; sourceTree = "<group>"; };
		45A42D2B2401FF510078CF75 /* GenreResponse.swift */ = {isa = PBXFileReference; lastKnownFileType = sourcecode.swift; path = GenreResponse.swift; sourceTree = "<group>"; };
		45A42D2D2401FFBC0078CF75 /* GenreConverter.swift */ = {isa = PBXFileReference; lastKnownFileType = sourcecode.swift; path = GenreConverter.swift; sourceTree = "<group>"; };
		45A42D2F2401FFFE0078CF75 /* GenreEntity.swift */ = {isa = PBXFileReference; lastKnownFileType = sourcecode.swift; path = GenreEntity.swift; sourceTree = "<group>"; };
		45A42D31240205370078CF75 /* UIImageExtension.swift */ = {isa = PBXFileReference; lastKnownFileType = sourcecode.swift; path = UIImageExtension.swift; sourceTree = "<group>"; };
		45A42D34240216BD0078CF75 /* MovieDetailViewController.swift */ = {isa = PBXFileReference; lastKnownFileType = sourcecode.swift; path = MovieDetailViewController.swift; sourceTree = "<group>"; };
		45A42D36240217CF0078CF75 /* UpcomingMoviesViewControllerMethodsExtension.swift */ = {isa = PBXFileReference; lastKnownFileType = sourcecode.swift; path = UpcomingMoviesViewControllerMethodsExtension.swift; sourceTree = "<group>"; };
		45A42D3924021B020078CF75 /* MovieDetailLayoutViewController.swift */ = {isa = PBXFileReference; lastKnownFileType = sourcecode.swift; path = MovieDetailLayoutViewController.swift; sourceTree = "<group>"; };
		45A42D3B2402B4CD0078CF75 /* GetConfigurationUseCase.swift */ = {isa = PBXFileReference; lastKnownFileType = sourcecode.swift; path = GetConfigurationUseCase.swift; sourceTree = "<group>"; };
		45A42D3E2402B5150078CF75 /* CountryEntity.swift */ = {isa = PBXFileReference; lastKnownFileType = sourcecode.swift; path = CountryEntity.swift; sourceTree = "<group>"; };
		45A42D402402B5250078CF75 /* CountryResponse.swift */ = {isa = PBXFileReference; lastKnownFileType = sourcecode.swift; path = CountryResponse.swift; sourceTree = "<group>"; };
		45A42D422402B5D10078CF75 /* ConfigurationConverter.swift */ = {isa = PBXFileReference; lastKnownFileType = sourcecode.swift; path = ConfigurationConverter.swift; sourceTree = "<group>"; };
		45A42D442402C24C0078CF75 /* StringExtension.swift */ = {isa = PBXFileReference; lastKnownFileType = sourcecode.swift; path = StringExtension.swift; sourceTree = "<group>"; };
		45AA143123FF67FA00CC6F6F /* UpcomingMoviesViewControllerDelegateExtension.swift */ = {isa = PBXFileReference; lastKnownFileType = sourcecode.swift; path = UpcomingMoviesViewControllerDelegateExtension.swift; sourceTree = "<group>"; };
		45AA143823FF6A4400CC6F6F /* PosterWithDescriptionCollectionViewCell.swift */ = {isa = PBXFileReference; lastKnownFileType = sourcecode.swift; path = PosterWithDescriptionCollectionViewCell.swift; sourceTree = "<group>"; };
		45AA143B23FF6C5400CC6F6F /* UIViewExtension.swift */ = {isa = PBXFileReference; lastKnownFileType = sourcecode.swift; path = UIViewExtension.swift; sourceTree = "<group>"; };
		45AA143D23FF721300CC6F6F /* UIFontExtension.swift */ = {isa = PBXFileReference; lastKnownFileType = sourcecode.swift; path = UIFontExtension.swift; sourceTree = "<group>"; };
		45AA143F2400005600CC6F6F /* UpcomingMoviesViewControllerLayoutExtension.swift */ = {isa = PBXFileReference; lastKnownFileType = sourcecode.swift; path = UpcomingMoviesViewControllerLayoutExtension.swift; sourceTree = "<group>"; };
		45AA14442400AF8000CC6F6F /* AppStrings.swift */ = {isa = PBXFileReference; lastKnownFileType = sourcecode.swift; path = AppStrings.swift; sourceTree = "<group>"; };
		45AA14492400B02500CC6F6F /* en */ = {isa = PBXFileReference; lastKnownFileType = text.plist.strings; name = en; path = en.lproj/Localizable.strings; sourceTree = "<group>"; };
		45AA144B2400B04900CC6F6F /* pt-BR */ = {isa = PBXFileReference; lastKnownFileType = text.plist.strings; name = "pt-BR"; path = "pt-BR.lproj/LaunchScreen.strings"; sourceTree = "<group>"; };
		45AA144C2400B04900CC6F6F /* pt-BR */ = {isa = PBXFileReference; lastKnownFileType = text.plist.strings; name = "pt-BR"; path = "pt-BR.lproj/Localizable.strings"; sourceTree = "<group>"; };
		45AA144F2400B49800CC6F6F /* URLBuilder.swift */ = {isa = PBXFileReference; lastKnownFileType = sourcecode.swift; path = URLBuilder.swift; sourceTree = "<group>"; };
		45AA14532400BD2700CC6F6F /* LanguageEnum.swift */ = {isa = PBXFileReference; lastKnownFileType = sourcecode.swift; path = LanguageEnum.swift; sourceTree = "<group>"; };
		45AA14562401594C00CC6F6F /* GetMovieUseCase.swift */ = {isa = PBXFileReference; lastKnownFileType = sourcecode.swift; path = GetMovieUseCase.swift; sourceTree = "<group>"; };
		45AA14582401597C00CC6F6F /* InjectionUseCase.swift */ = {isa = PBXFileReference; lastKnownFileType = sourcecode.swift; path = InjectionUseCase.swift; sourceTree = "<group>"; };
		45AA145A240159C700CC6F6F /* BaseCallback.swift */ = {isa = PBXFileReference; lastKnownFileType = sourcecode.swift; path = BaseCallback.swift; sourceTree = "<group>"; };
		45AA145C24015A0F00CC6F6F /* TypedCallbackEnum.swift */ = {isa = PBXFileReference; lastKnownFileType = sourcecode.swift; path = TypedCallbackEnum.swift; sourceTree = "<group>"; };
		45AA1461240161C000CC6F6F /* MovieDTO.swift */ = {isa = PBXFileReference; lastKnownFileType = sourcecode.swift; path = MovieDTO.swift; sourceTree = "<group>"; };
		45AA1463240163DC00CC6F6F /* GenericRequest.swift */ = {isa = PBXFileReference; lastKnownFileType = sourcecode.swift; path = GenericRequest.swift; sourceTree = "<group>"; };
		45AA14652401640200CC6F6F /* CodableExtension.swift */ = {isa = PBXFileReference; lastKnownFileType = sourcecode.swift; path = CodableExtension.swift; sourceTree = "<group>"; };
		45AA14672401642A00CC6F6F /* HTTPOperationEnum.swift */ = {isa = PBXFileReference; lastKnownFileType = sourcecode.swift; path = HTTPOperationEnum.swift; sourceTree = "<group>"; };
		45AA14692401654800CC6F6F /* MovieResponse.swift */ = {isa = PBXFileReference; lastKnownFileType = sourcecode.swift; path = MovieResponse.swift; sourceTree = "<group>"; };
		45AA146C2401693500CC6F6F /* MovieConverter.swift */ = {isa = PBXFileReference; lastKnownFileType = sourcecode.swift; path = MovieConverter.swift; sourceTree = "<group>"; };
		45AA146E2401694F00CC6F6F /* MovieEntity.swift */ = {isa = PBXFileReference; lastKnownFileType = sourcecode.swift; path = MovieEntity.swift; sourceTree = "<group>"; };
		45B7CD5D23FF23FA0014821B /* the-moviedb-app.app */ = {isa = PBXFileReference; explicitFileType = wrapper.application; includeInIndex = 0; path = "the-moviedb-app.app"; sourceTree = BUILT_PRODUCTS_DIR; };
		45B7CD6023FF23FA0014821B /* AppDelegate.swift */ = {isa = PBXFileReference; lastKnownFileType = sourcecode.swift; path = AppDelegate.swift; sourceTree = "<group>"; };
		45B7CD6223FF23FA0014821B /* SceneDelegate.swift */ = {isa = PBXFileReference; lastKnownFileType = sourcecode.swift; path = SceneDelegate.swift; sourceTree = "<group>"; };
		45B7CD6423FF23FA0014821B /* UpcomingMoviesViewController.swift */ = {isa = PBXFileReference; lastKnownFileType = sourcecode.swift; path = UpcomingMoviesViewController.swift; sourceTree = "<group>"; };
		45B7CD6923FF23FC0014821B /* Assets.xcassets */ = {isa = PBXFileReference; lastKnownFileType = folder.assetcatalog; path = Assets.xcassets; sourceTree = "<group>"; };
		45B7CD6C23FF23FC0014821B /* Base */ = {isa = PBXFileReference; lastKnownFileType = file.storyboard; name = Base; path = Base.lproj/LaunchScreen.storyboard; sourceTree = "<group>"; };
		45B7CD6E23FF23FC0014821B /* Info.plist */ = {isa = PBXFileReference; lastKnownFileType = text.plist.xml; path = Info.plist; sourceTree = "<group>"; };
		45B7CD7323FF23FC0014821B /* the-moviedb-appTests.xctest */ = {isa = PBXFileReference; explicitFileType = wrapper.cfbundle; includeInIndex = 0; path = "the-moviedb-appTests.xctest"; sourceTree = BUILT_PRODUCTS_DIR; };
		45B7CD7923FF23FC0014821B /* Info.plist */ = {isa = PBXFileReference; lastKnownFileType = text.plist.xml; path = Info.plist; sourceTree = "<group>"; };
		45B7CD7E23FF23FC0014821B /* the-moviedb-appUITests.xctest */ = {isa = PBXFileReference; explicitFileType = wrapper.cfbundle; includeInIndex = 0; path = "the-moviedb-appUITests.xctest"; sourceTree = BUILT_PRODUCTS_DIR; };
		45B7CD8223FF23FC0014821B /* the_moviedb_appUITests.swift */ = {isa = PBXFileReference; lastKnownFileType = sourcecode.swift; path = the_moviedb_appUITests.swift; sourceTree = "<group>"; };
		45B7CD8423FF23FC0014821B /* Info.plist */ = {isa = PBXFileReference; lastKnownFileType = text.plist.xml; path = Info.plist; sourceTree = "<group>"; };
		45C980332402DC9E00AEB504 /* XCTestExtension.swift */ = {isa = PBXFileReference; lastKnownFileType = sourcecode.swift; path = XCTestExtension.swift; sourceTree = "<group>"; };
		45C980362402DCF200AEB504 /* GetMovieUseCaseTest.swift */ = {isa = PBXFileReference; lastKnownFileType = sourcecode.swift; path = GetMovieUseCaseTest.swift; sourceTree = "<group>"; };
		45C980382402DCFD00AEB504 /* GetGenreUseCaseTest.swift */ = {isa = PBXFileReference; lastKnownFileType = sourcecode.swift; path = GetGenreUseCaseTest.swift; sourceTree = "<group>"; };
		45C9803A2402DD0800AEB504 /* GetConfigurationUseCaseTest.swift */ = {isa = PBXFileReference; lastKnownFileType = sourcecode.swift; path = GetConfigurationUseCaseTest.swift; sourceTree = "<group>"; };
		45C9803C2402E65500AEB504 /* StubManager.swift */ = {isa = PBXFileReference; lastKnownFileType = sourcecode.swift; path = StubManager.swift; sourceTree = "<group>"; };
		45EEFEFC240464D90053E647 /* UpcomingMoviesTest.swift */ = {isa = PBXFileReference; lastKnownFileType = sourcecode.swift; path = UpcomingMoviesTest.swift; sourceTree = "<group>"; };
		45EEFF0D2404A1270053E647 /* UpcomingMoviesBR.json */ = {isa = PBXFileReference; lastKnownFileType = text.json; path = UpcomingMoviesBR.json; sourceTree = "<group>"; };
		5AA14F224EE58EF263CB4B36 /* Pods_the_moviedb_app.framework */ = {isa = PBXFileReference; explicitFileType = wrapper.framework; includeInIndex = 0; path = Pods_the_moviedb_app.framework; sourceTree = BUILT_PRODUCTS_DIR; };
		6FAA2303DA544ADD8C8EC4C1 /* Pods-the-moviedb-appTests.debug.xcconfig */ = {isa = PBXFileReference; includeInIndex = 1; lastKnownFileType = text.xcconfig; name = "Pods-the-moviedb-appTests.debug.xcconfig"; path = "Target Support Files/Pods-the-moviedb-appTests/Pods-the-moviedb-appTests.debug.xcconfig"; sourceTree = "<group>"; };
		70AEBF40D81DBF9424242FCB /* Pods-the-moviedb-app-the-moviedb-appUITests.debug.xcconfig */ = {isa = PBXFileReference; includeInIndex = 1; lastKnownFileType = text.xcconfig; name = "Pods-the-moviedb-app-the-moviedb-appUITests.debug.xcconfig"; path = "Target Support Files/Pods-the-moviedb-app-the-moviedb-appUITests/Pods-the-moviedb-app-the-moviedb-appUITests.debug.xcconfig"; sourceTree = "<group>"; };
		D7C82FCA732674F0FC5A926F /* Pods_the_moviedb_app_the_moviedb_appUITests.framework */ = {isa = PBXFileReference; explicitFileType = wrapper.framework; includeInIndex = 0; path = Pods_the_moviedb_app_the_moviedb_appUITests.framework; sourceTree = BUILT_PRODUCTS_DIR; };
/* End PBXFileReference section */

/* Begin PBXFrameworksBuildPhase section */
		45B7CD5A23FF23FA0014821B /* Frameworks */ = {
			isa = PBXFrameworksBuildPhase;
			buildActionMask = 2147483647;
			files = (
				C2FBB4E8BFA5A4AE1D550954 /* Pods_the_moviedb_app.framework in Frameworks */,
			);
			runOnlyForDeploymentPostprocessing = 0;
		};
		45B7CD7023FF23FC0014821B /* Frameworks */ = {
			isa = PBXFrameworksBuildPhase;
			buildActionMask = 2147483647;
			files = (
				958308A4184BA5233F217B7A /* Pods_the_moviedb_appTests.framework in Frameworks */,
			);
			runOnlyForDeploymentPostprocessing = 0;
		};
		45B7CD7B23FF23FC0014821B /* Frameworks */ = {
			isa = PBXFrameworksBuildPhase;
			buildActionMask = 2147483647;
			files = (
				EF7B9206663CF33B562C3B64 /* Pods_the_moviedb_app_the_moviedb_appUITests.framework in Frameworks */,
			);
			runOnlyForDeploymentPostprocessing = 0;
		};
/* End PBXFrameworksBuildPhase section */

/* Begin PBXGroup section */
		457A74412402EB6400CD5DFC /* Stub */ = {
			isa = PBXGroup;
			children = (
				457A74432402EB7700CD5DFC /* Files */,
				45C9803C2402E65500AEB504 /* StubManager.swift */,
			);
			path = Stub;
			sourceTree = "<group>";
		};
		457A74422402EB6800CD5DFC /* Extension */ = {
			isa = PBXGroup;
			children = (
				45C980332402DC9E00AEB504 /* XCTestExtension.swift */,
			);
			path = Extension;
			sourceTree = "<group>";
		};
		457A74432402EB7700CD5DFC /* Files */ = {
			isa = PBXGroup;
			children = (
				45EEFF0D2404A1270053E647 /* UpcomingMoviesBR.json */,
				457A74442402EC5200CD5DFC /* UpcomingMovies.json */,
				457A744A2402EE0C00CD5DFC /* Poster.jpg */,
				457A74462402ECA800CD5DFC /* Countries.json */,
				457A74482402ECC500CD5DFC /* Genres.json */,
				457B0F0B24031985002ABF76 /* StubFileLoader.swift */,
			);
			path = Files;
			sourceTree = "<group>";
		};
		457B0F0D24031E0E002ABF76 /* Helper */ = {
			isa = PBXGroup;
			children = (
				457B0F0E24031E19002ABF76 /* ActionBlock.swift */,
			);
			path = Helper;
			sourceTree = "<group>";
		};
		457B0F1324035CE3002ABF76 /* View Controller */ = {
			isa = PBXGroup;
			children = (
				457B0F1F240421BB002ABF76 /* Helper */,
				457B0F1A24040719002ABF76 /* Movie Detail */,
				457B0F1424035CEB002ABF76 /* Upcoming Movies */,
			);
			path = "View Controller";
			sourceTree = "<group>";
		};
		457B0F1424035CEB002ABF76 /* Upcoming Movies */ = {
			isa = PBXGroup;
			children = (
				457B0F1524035CFF002ABF76 /* Helper */,
				457B0F1824035E65002ABF76 /* UpcomingMoviesViewControllerPresentationTest.swift */,
				457B0F1D2404210C002ABF76 /* UpcomingMoviesViewControllerTest.swift */,
			);
			path = "Upcoming Movies";
			sourceTree = "<group>";
		};
		457B0F1524035CFF002ABF76 /* Helper */ = {
			isa = PBXGroup;
			children = (
				457B0F1624035D0E002ABF76 /* UpcomingMoviesPresenterMock.swift */,
			);
			path = Helper;
			sourceTree = "<group>";
		};
		457B0F1A24040719002ABF76 /* Movie Detail */ = {
			isa = PBXGroup;
			children = (
				457B0F1B24040738002ABF76 /* MovieDetailViewControllerTest.swift */,
			);
			path = "Movie Detail";
			sourceTree = "<group>";
		};
		457B0F1F240421BB002ABF76 /* Helper */ = {
			isa = PBXGroup;
			children = (
				457B0F20240421F7002ABF76 /* MovieBuilder.swift */,
			);
			path = Helper;
			sourceTree = "<group>";
		};
		45A42D2124017DAF0078CF75 /* Protocol */ = {
			isa = PBXGroup;
			children = (
				45A42D2224017DB90078CF75 /* BaseViewContract.swift */,
			);
			path = Protocol;
			sourceTree = "<group>";
		};
		45A42D2A2401FF460078CF75 /* Genre */ = {
			isa = PBXGroup;
			children = (
				45A42D2B2401FF510078CF75 /* GenreResponse.swift */,
				45A42D2F2401FFFE0078CF75 /* GenreEntity.swift */,
			);
			path = Genre;
			sourceTree = "<group>";
		};
		45A42D332402168B0078CF75 /* Movie Detail */ = {
			isa = PBXGroup;
			children = (
				45A42D3824021AE00078CF75 /* Extension */,
				45A42D34240216BD0078CF75 /* MovieDetailViewController.swift */,
			);
			path = "Movie Detail";
			sourceTree = "<group>";
		};
		45A42D3824021AE00078CF75 /* Extension */ = {
			isa = PBXGroup;
			children = (
				45A42D3924021B020078CF75 /* MovieDetailLayoutViewController.swift */,
			);
			path = Extension;
			sourceTree = "<group>";
		};
		45A42D3D2402B5040078CF75 /* Country */ = {
			isa = PBXGroup;
			children = (
				45A42D3E2402B5150078CF75 /* CountryEntity.swift */,
				45A42D402402B5250078CF75 /* CountryResponse.swift */,
			);
			path = Country;
			sourceTree = "<group>";
		};
		45AA142F23FF67BC00CC6F6F /* Upcoming Movies */ = {
			isa = PBXGroup;
			children = (
				45AA143023FF67E600CC6F6F /* Extension */,
				45B7CD6423FF23FA0014821B /* UpcomingMoviesViewController.swift */,
				45A42D1D24017B7A0078CF75 /* UpcomingMoviesContract.swift */,
				45A42D1F24017BD10078CF75 /* UpcomingMoviesPresenter.swift */,
			);
			path = "Upcoming Movies";
			sourceTree = "<group>";
		};
		45AA143023FF67E600CC6F6F /* Extension */ = {
			isa = PBXGroup;
			children = (
				45AA143123FF67FA00CC6F6F /* UpcomingMoviesViewControllerDelegateExtension.swift */,
				45AA143F2400005600CC6F6F /* UpcomingMoviesViewControllerLayoutExtension.swift */,
				45A42D36240217CF0078CF75 /* UpcomingMoviesViewControllerMethodsExtension.swift */,
			);
			path = Extension;
			sourceTree = "<group>";
		};
		45AA143323FF69D100CC6F6F /* App Delegate */ = {
			isa = PBXGroup;
			children = (
				45B7CD6023FF23FA0014821B /* AppDelegate.swift */,
				45B7CD6223FF23FA0014821B /* SceneDelegate.swift */,
			);
			path = "App Delegate";
			sourceTree = "<group>";
		};
		45AA143423FF69DB00CC6F6F /* Common */ = {
			isa = PBXGroup;
			children = (
				45A42D2124017DAF0078CF75 /* Protocol */,
				45AA14552401590100CC6F6F /* Use Case */,
				45AA144E2400B48000CC6F6F /* Enum */,
				45AA144D2400B47B00CC6F6F /* Network */,
				45AA14432400AF6D00CC6F6F /* Localization */,
				45AA143A23FF6C1700CC6F6F /* Extension */,
				45AA143523FF69EE00CC6F6F /* Component */,
				45EEFF06240470AE0053E647 /* Tests */,
			);
			path = Common;
			sourceTree = "<group>";
		};
		45AA143523FF69EE00CC6F6F /* Component */ = {
			isa = PBXGroup;
			children = (
				45AA143623FF69F800CC6F6F /* CollectionView */,
			);
			path = Component;
			sourceTree = "<group>";
		};
		45AA143623FF69F800CC6F6F /* CollectionView */ = {
			isa = PBXGroup;
			children = (
				45AA143723FF69FE00CC6F6F /* Cell */,
			);
			path = CollectionView;
			sourceTree = "<group>";
		};
		45AA143723FF69FE00CC6F6F /* Cell */ = {
			isa = PBXGroup;
			children = (
				45AA143823FF6A4400CC6F6F /* PosterWithDescriptionCollectionViewCell.swift */,
			);
			path = Cell;
			sourceTree = "<group>";
		};
		45AA143A23FF6C1700CC6F6F /* Extension */ = {
			isa = PBXGroup;
			children = (
				45AA143B23FF6C5400CC6F6F /* UIViewExtension.swift */,
				45AA143D23FF721300CC6F6F /* UIFontExtension.swift */,
				45AA14652401640200CC6F6F /* CodableExtension.swift */,
				45A42D2424017E040078CF75 /* UIViewControllerExtension.swift */,
				45A42D262401A34A0078CF75 /* UIImageViewExtension.swift */,
				45A42D31240205370078CF75 /* UIImageExtension.swift */,
				45A42D442402C24C0078CF75 /* StringExtension.swift */,
			);
			path = Extension;
			sourceTree = "<group>";
		};
		45AA14432400AF6D00CC6F6F /* Localization */ = {
			isa = PBXGroup;
			children = (
				45AA14442400AF8000CC6F6F /* AppStrings.swift */,
				45AA144A2400B02500CC6F6F /* Localizable.strings */,
			);
			path = Localization;
			sourceTree = "<group>";
		};
		45AA144D2400B47B00CC6F6F /* Network */ = {
			isa = PBXGroup;
			children = (
				45AA144F2400B49800CC6F6F /* URLBuilder.swift */,
				45AA145A240159C700CC6F6F /* BaseCallback.swift */,
				45AA1463240163DC00CC6F6F /* GenericRequest.swift */,
			);
			path = Network;
			sourceTree = "<group>";
		};
		45AA144E2400B48000CC6F6F /* Enum */ = {
			isa = PBXGroup;
			children = (
				45AA14532400BD2700CC6F6F /* LanguageEnum.swift */,
				45AA145C24015A0F00CC6F6F /* TypedCallbackEnum.swift */,
				45AA14672401642A00CC6F6F /* HTTPOperationEnum.swift */,
			);
			path = Enum;
			sourceTree = "<group>";
		};
		45AA14552401590100CC6F6F /* Use Case */ = {
			isa = PBXGroup;
			children = (
				45AA14562401594C00CC6F6F /* GetMovieUseCase.swift */,
				45AA14582401597C00CC6F6F /* InjectionUseCase.swift */,
				45A42D282401E2450078CF75 /* GetGenreUseCase.swift */,
				45A42D3B2402B4CD0078CF75 /* GetConfigurationUseCase.swift */,
			);
			path = "Use Case";
			sourceTree = "<group>";
		};
		45AA145E2401619C00CC6F6F /* Screen */ = {
			isa = PBXGroup;
			children = (
				45A42D332402168B0078CF75 /* Movie Detail */,
				45AA142F23FF67BC00CC6F6F /* Upcoming Movies */,
			);
			path = Screen;
			sourceTree = "<group>";
		};
		45AA145F240161AB00CC6F6F /* Model */ = {
			isa = PBXGroup;
			children = (
				45A42D3D2402B5040078CF75 /* Country */,
				45AA146B2401692900CC6F6F /* Converter */,
				45A42D2A2401FF460078CF75 /* Genre */,
				45AA1460240161B200CC6F6F /* Movie */,
			);
			path = Model;
			sourceTree = "<group>";
		};
		45AA1460240161B200CC6F6F /* Movie */ = {
			isa = PBXGroup;
			children = (
				45AA1461240161C000CC6F6F /* MovieDTO.swift */,
				45AA14692401654800CC6F6F /* MovieResponse.swift */,
				45AA146E2401694F00CC6F6F /* MovieEntity.swift */,
			);
			path = Movie;
			sourceTree = "<group>";
		};
		45AA146B2401692900CC6F6F /* Converter */ = {
			isa = PBXGroup;
			children = (
				45AA146C2401693500CC6F6F /* MovieConverter.swift */,
				45A42D2D2401FFBC0078CF75 /* GenreConverter.swift */,
				45A42D422402B5D10078CF75 /* ConfigurationConverter.swift */,
			);
			path = Converter;
			sourceTree = "<group>";
		};
		45B7CD5423FF23FA0014821B = {
			isa = PBXGroup;
			children = (
				45B7CD5F23FF23FA0014821B /* the-moviedb-app */,
				45B7CD7623FF23FC0014821B /* the-moviedb-appTests */,
				45B7CD8123FF23FC0014821B /* the-moviedb-appUITests */,
				45B7CD5E23FF23FA0014821B /* Products */,
				E14FBC60CC2FCC77C0FC6216 /* Pods */,
				761A1789FD31B2DA320C703E /* Frameworks */,
			);
			sourceTree = "<group>";
		};
		45B7CD5E23FF23FA0014821B /* Products */ = {
			isa = PBXGroup;
			children = (
				45B7CD5D23FF23FA0014821B /* the-moviedb-app.app */,
				45B7CD7323FF23FC0014821B /* the-moviedb-appTests.xctest */,
				45B7CD7E23FF23FC0014821B /* the-moviedb-appUITests.xctest */,
			);
			name = Products;
			sourceTree = "<group>";
		};
		45B7CD5F23FF23FA0014821B /* the-moviedb-app */ = {
			isa = PBXGroup;
			children = (
				45AA143323FF69D100CC6F6F /* App Delegate */,
				45AA145E2401619C00CC6F6F /* Screen */,
				45AA145F240161AB00CC6F6F /* Model */,
				45AA143423FF69DB00CC6F6F /* Common */,
				45B7CD6B23FF23FC0014821B /* LaunchScreen.storyboard */,
				45B7CD6923FF23FC0014821B /* Assets.xcassets */,
				45B7CD6E23FF23FC0014821B /* Info.plist */,
			);
			path = "the-moviedb-app";
			sourceTree = "<group>";
		};
		45B7CD7623FF23FC0014821B /* the-moviedb-appTests */ = {
			isa = PBXGroup;
			children = (
				45C980322402DC5700AEB504 /* Common */,
				45C980312402DC5100AEB504 /* Test */,
				45B7CD7923FF23FC0014821B /* Info.plist */,
			);
			path = "the-moviedb-appTests";
			sourceTree = "<group>";
		};
		45B7CD8123FF23FC0014821B /* the-moviedb-appUITests */ = {
			isa = PBXGroup;
			children = (
				45EEFEF9240464970053E647 /* Test */,
				45B7CD8223FF23FC0014821B /* the_moviedb_appUITests.swift */,
				45B7CD8423FF23FC0014821B /* Info.plist */,
			);
			path = "the-moviedb-appUITests";
			sourceTree = "<group>";
		};
		45C980312402DC5100AEB504 /* Test */ = {
			isa = PBXGroup;
			children = (
				457B0F1324035CE3002ABF76 /* View Controller */,
				45C980352402DCC100AEB504 /* Use Case */,
			);
			path = Test;
			sourceTree = "<group>";
		};
		45C980322402DC5700AEB504 /* Common */ = {
			isa = PBXGroup;
			children = (
				457B0F0D24031E0E002ABF76 /* Helper */,
				457A74422402EB6800CD5DFC /* Extension */,
			);
			path = Common;
			sourceTree = "<group>";
		};
		45C980352402DCC100AEB504 /* Use Case */ = {
			isa = PBXGroup;
			children = (
				45C980362402DCF200AEB504 /* GetMovieUseCaseTest.swift */,
				45C980382402DCFD00AEB504 /* GetGenreUseCaseTest.swift */,
				45C9803A2402DD0800AEB504 /* GetConfigurationUseCaseTest.swift */,
			);
			path = "Use Case";
			sourceTree = "<group>";
		};
		45EEFEF9240464970053E647 /* Test */ = {
			isa = PBXGroup;
			children = (
				45EEFEFC240464D90053E647 /* UpcomingMoviesTest.swift */,
			);
			path = Test;
			sourceTree = "<group>";
		};
		45EEFF06240470AE0053E647 /* Tests */ = {
			isa = PBXGroup;
			children = (
				457A74412402EB6400CD5DFC /* Stub */,
			);
			path = Tests;
			sourceTree = "<group>";
		};
		761A1789FD31B2DA320C703E /* Frameworks */ = {
			isa = PBXGroup;
			children = (
				5AA14F224EE58EF263CB4B36 /* Pods_the_moviedb_app.framework */,
				D7C82FCA732674F0FC5A926F /* Pods_the_moviedb_app_the_moviedb_appUITests.framework */,
				25A9D31CD4510C4845B11082 /* Pods_the_moviedb_appTests.framework */,
			);
			name = Frameworks;
			sourceTree = "<group>";
		};
		E14FBC60CC2FCC77C0FC6216 /* Pods */ = {
			isa = PBXGroup;
			children = (
				04B3E82E06BE89DC05B0D699 /* Pods-the-moviedb-app.debug.xcconfig */,
				2B1AAF777239999A11C75283 /* Pods-the-moviedb-app.release.xcconfig */,
				70AEBF40D81DBF9424242FCB /* Pods-the-moviedb-app-the-moviedb-appUITests.debug.xcconfig */,
				06FC2A9A5EB3F0F62D9FF826 /* Pods-the-moviedb-app-the-moviedb-appUITests.release.xcconfig */,
				6FAA2303DA544ADD8C8EC4C1 /* Pods-the-moviedb-appTests.debug.xcconfig */,
				4458663D3AAD31578BC6D7E0 /* Pods-the-moviedb-appTests.release.xcconfig */,
			);
			path = Pods;
			sourceTree = "<group>";
		};
/* End PBXGroup section */

/* Begin PBXNativeTarget section */
		45B7CD5C23FF23FA0014821B /* the-moviedb-app */ = {
			isa = PBXNativeTarget;
			buildConfigurationList = 45B7CD8723FF23FC0014821B /* Build configuration list for PBXNativeTarget "the-moviedb-app" */;
			buildPhases = (
				BB7AB00FCF10594BBA069EFE /* [CP] Check Pods Manifest.lock */,
				45B7CD5923FF23FA0014821B /* Sources */,
				45B7CD5A23FF23FA0014821B /* Frameworks */,
				45B7CD5B23FF23FA0014821B /* Resources */,
				5103AD48585D274984939415 /* [CP] Embed Pods Frameworks */,
			);
			buildRules = (
			);
			dependencies = (
			);
			name = "the-moviedb-app";
			productName = "the-moviedb-app";
			productReference = 45B7CD5D23FF23FA0014821B /* the-moviedb-app.app */;
			productType = "com.apple.product-type.application";
		};
		45B7CD7223FF23FC0014821B /* the-moviedb-appTests */ = {
			isa = PBXNativeTarget;
			buildConfigurationList = 45B7CD8A23FF23FC0014821B /* Build configuration list for PBXNativeTarget "the-moviedb-appTests" */;
			buildPhases = (
				DD0FECCB8C0806DCCD416B98 /* [CP] Check Pods Manifest.lock */,
				45B7CD6F23FF23FC0014821B /* Sources */,
				45B7CD7023FF23FC0014821B /* Frameworks */,
				45B7CD7123FF23FC0014821B /* Resources */,
				F4331DE1878F237049760F73 /* [CP] Embed Pods Frameworks */,
			);
			buildRules = (
			);
			dependencies = (
				45B7CD7523FF23FC0014821B /* PBXTargetDependency */,
			);
			name = "the-moviedb-appTests";
			productName = "the-moviedb-appTests";
			productReference = 45B7CD7323FF23FC0014821B /* the-moviedb-appTests.xctest */;
			productType = "com.apple.product-type.bundle.unit-test";
		};
		45B7CD7D23FF23FC0014821B /* the-moviedb-appUITests */ = {
			isa = PBXNativeTarget;
			buildConfigurationList = 45B7CD8D23FF23FC0014821B /* Build configuration list for PBXNativeTarget "the-moviedb-appUITests" */;
			buildPhases = (
				5BE50E0E4F92A0AC287BE09A /* [CP] Check Pods Manifest.lock */,
				45B7CD7A23FF23FC0014821B /* Sources */,
				45B7CD7B23FF23FC0014821B /* Frameworks */,
				45B7CD7C23FF23FC0014821B /* Resources */,
				F88123F43527830C04C1B2FD /* [CP] Embed Pods Frameworks */,
			);
			buildRules = (
			);
			dependencies = (
				45B7CD8023FF23FC0014821B /* PBXTargetDependency */,
			);
			name = "the-moviedb-appUITests";
			productName = "the-moviedb-appUITests";
			productReference = 45B7CD7E23FF23FC0014821B /* the-moviedb-appUITests.xctest */;
			productType = "com.apple.product-type.bundle.ui-testing";
		};
/* End PBXNativeTarget section */

/* Begin PBXProject section */
		45B7CD5523FF23FA0014821B /* Project object */ = {
			isa = PBXProject;
			attributes = {
				LastSwiftUpdateCheck = 1130;
				LastUpgradeCheck = 1130;
				ORGANIZATIONNAME = "Alexandre Henrique";
				TargetAttributes = {
					45B7CD5C23FF23FA0014821B = {
						CreatedOnToolsVersion = 11.3;
					};
					45B7CD7223FF23FC0014821B = {
						CreatedOnToolsVersion = 11.3;
						TestTargetID = 45B7CD5C23FF23FA0014821B;
					};
					45B7CD7D23FF23FC0014821B = {
						CreatedOnToolsVersion = 11.3;
						TestTargetID = 45B7CD5C23FF23FA0014821B;
					};
				};
			};
			buildConfigurationList = 45B7CD5823FF23FA0014821B /* Build configuration list for PBXProject "the-moviedb-app" */;
			compatibilityVersion = "Xcode 9.3";
			developmentRegion = en;
			hasScannedForEncodings = 0;
			knownRegions = (
				en,
				Base,
				"pt-BR",
			);
			mainGroup = 45B7CD5423FF23FA0014821B;
			productRefGroup = 45B7CD5E23FF23FA0014821B /* Products */;
			projectDirPath = "";
			projectRoot = "";
			targets = (
				45B7CD5C23FF23FA0014821B /* the-moviedb-app */,
				45B7CD7223FF23FC0014821B /* the-moviedb-appTests */,
				45B7CD7D23FF23FC0014821B /* the-moviedb-appUITests */,
			);
		};
/* End PBXProject section */

/* Begin PBXResourcesBuildPhase section */
		45B7CD5B23FF23FA0014821B /* Resources */ = {
			isa = PBXResourcesBuildPhase;
			buildActionMask = 2147483647;
			files = (
				45EEFF07240470DD0053E647 /* UpcomingMovies.json in Resources */,
				45B7CD6D23FF23FC0014821B /* LaunchScreen.storyboard in Resources */,
				45AA14482400B02500CC6F6F /* Localizable.strings in Resources */,
				45B7CD6A23FF23FC0014821B /* Assets.xcassets in Resources */,
				45EEFF09240470DD0053E647 /* Countries.json in Resources */,
				45EEFF08240470DD0053E647 /* Poster.jpg in Resources */,
				45EEFF0E2404A1270053E647 /* UpcomingMoviesBR.json in Resources */,
				45EEFF0A240470DD0053E647 /* Genres.json in Resources */,
			);
			runOnlyForDeploymentPostprocessing = 0;
		};
		45B7CD7123FF23FC0014821B /* Resources */ = {
			isa = PBXResourcesBuildPhase;
			buildActionMask = 2147483647;
			files = (
			);
			runOnlyForDeploymentPostprocessing = 0;
		};
		45B7CD7C23FF23FC0014821B /* Resources */ = {
			isa = PBXResourcesBuildPhase;
			buildActionMask = 2147483647;
			files = (
			);
			runOnlyForDeploymentPostprocessing = 0;
		};
/* End PBXResourcesBuildPhase section */

/* Begin PBXShellScriptBuildPhase section */
		5103AD48585D274984939415 /* [CP] Embed Pods Frameworks */ = {
			isa = PBXShellScriptBuildPhase;
			buildActionMask = 2147483647;
			files = (
			);
			inputFileListPaths = (
				"${PODS_ROOT}/Target Support Files/Pods-the-moviedb-app/Pods-the-moviedb-app-frameworks-${CONFIGURATION}-input-files.xcfilelist",
			);
			name = "[CP] Embed Pods Frameworks";
			outputFileListPaths = (
				"${PODS_ROOT}/Target Support Files/Pods-the-moviedb-app/Pods-the-moviedb-app-frameworks-${CONFIGURATION}-output-files.xcfilelist",
			);
			runOnlyForDeploymentPostprocessing = 0;
			shellPath = /bin/sh;
			shellScript = "\"${PODS_ROOT}/Target Support Files/Pods-the-moviedb-app/Pods-the-moviedb-app-frameworks.sh\"\n";
			showEnvVarsInLog = 0;
		};
		5BE50E0E4F92A0AC287BE09A /* [CP] Check Pods Manifest.lock */ = {
			isa = PBXShellScriptBuildPhase;
			buildActionMask = 2147483647;
			files = (
			);
			inputFileListPaths = (
			);
			inputPaths = (
				"${PODS_PODFILE_DIR_PATH}/Podfile.lock",
				"${PODS_ROOT}/Manifest.lock",
			);
			name = "[CP] Check Pods Manifest.lock";
			outputFileListPaths = (
			);
			outputPaths = (
				"$(DERIVED_FILE_DIR)/Pods-the-moviedb-app-the-moviedb-appUITests-checkManifestLockResult.txt",
			);
			runOnlyForDeploymentPostprocessing = 0;
			shellPath = /bin/sh;
			shellScript = "diff \"${PODS_PODFILE_DIR_PATH}/Podfile.lock\" \"${PODS_ROOT}/Manifest.lock\" > /dev/null\nif [ $? != 0 ] ; then\n    # print error to STDERR\n    echo \"error: The sandbox is not in sync with the Podfile.lock. Run 'pod install' or update your CocoaPods installation.\" >&2\n    exit 1\nfi\n# This output is used by Xcode 'outputs' to avoid re-running this script phase.\necho \"SUCCESS\" > \"${SCRIPT_OUTPUT_FILE_0}\"\n";
			showEnvVarsInLog = 0;
		};
		BB7AB00FCF10594BBA069EFE /* [CP] Check Pods Manifest.lock */ = {
			isa = PBXShellScriptBuildPhase;
			buildActionMask = 2147483647;
			files = (
			);
			inputFileListPaths = (
			);
			inputPaths = (
				"${PODS_PODFILE_DIR_PATH}/Podfile.lock",
				"${PODS_ROOT}/Manifest.lock",
			);
			name = "[CP] Check Pods Manifest.lock";
			outputFileListPaths = (
			);
			outputPaths = (
				"$(DERIVED_FILE_DIR)/Pods-the-moviedb-app-checkManifestLockResult.txt",
			);
			runOnlyForDeploymentPostprocessing = 0;
			shellPath = /bin/sh;
			shellScript = "diff \"${PODS_PODFILE_DIR_PATH}/Podfile.lock\" \"${PODS_ROOT}/Manifest.lock\" > /dev/null\nif [ $? != 0 ] ; then\n    # print error to STDERR\n    echo \"error: The sandbox is not in sync with the Podfile.lock. Run 'pod install' or update your CocoaPods installation.\" >&2\n    exit 1\nfi\n# This output is used by Xcode 'outputs' to avoid re-running this script phase.\necho \"SUCCESS\" > \"${SCRIPT_OUTPUT_FILE_0}\"\n";
			showEnvVarsInLog = 0;
		};
		DD0FECCB8C0806DCCD416B98 /* [CP] Check Pods Manifest.lock */ = {
			isa = PBXShellScriptBuildPhase;
			buildActionMask = 2147483647;
			files = (
			);
			inputFileListPaths = (
			);
			inputPaths = (
				"${PODS_PODFILE_DIR_PATH}/Podfile.lock",
				"${PODS_ROOT}/Manifest.lock",
			);
			name = "[CP] Check Pods Manifest.lock";
			outputFileListPaths = (
			);
			outputPaths = (
				"$(DERIVED_FILE_DIR)/Pods-the-moviedb-appTests-checkManifestLockResult.txt",
			);
			runOnlyForDeploymentPostprocessing = 0;
			shellPath = /bin/sh;
			shellScript = "diff \"${PODS_PODFILE_DIR_PATH}/Podfile.lock\" \"${PODS_ROOT}/Manifest.lock\" > /dev/null\nif [ $? != 0 ] ; then\n    # print error to STDERR\n    echo \"error: The sandbox is not in sync with the Podfile.lock. Run 'pod install' or update your CocoaPods installation.\" >&2\n    exit 1\nfi\n# This output is used by Xcode 'outputs' to avoid re-running this script phase.\necho \"SUCCESS\" > \"${SCRIPT_OUTPUT_FILE_0}\"\n";
			showEnvVarsInLog = 0;
		};
		F4331DE1878F237049760F73 /* [CP] Embed Pods Frameworks */ = {
			isa = PBXShellScriptBuildPhase;
			buildActionMask = 2147483647;
			files = (
			);
			inputFileListPaths = (
				"${PODS_ROOT}/Target Support Files/Pods-the-moviedb-appTests/Pods-the-moviedb-appTests-frameworks-${CONFIGURATION}-input-files.xcfilelist",
			);
			name = "[CP] Embed Pods Frameworks";
			outputFileListPaths = (
				"${PODS_ROOT}/Target Support Files/Pods-the-moviedb-appTests/Pods-the-moviedb-appTests-frameworks-${CONFIGURATION}-output-files.xcfilelist",
			);
			runOnlyForDeploymentPostprocessing = 0;
			shellPath = /bin/sh;
			shellScript = "\"${PODS_ROOT}/Target Support Files/Pods-the-moviedb-appTests/Pods-the-moviedb-appTests-frameworks.sh\"\n";
			showEnvVarsInLog = 0;
		};
		F88123F43527830C04C1B2FD /* [CP] Embed Pods Frameworks */ = {
			isa = PBXShellScriptBuildPhase;
			buildActionMask = 2147483647;
			files = (
			);
			inputFileListPaths = (
				"${PODS_ROOT}/Target Support Files/Pods-the-moviedb-app-the-moviedb-appUITests/Pods-the-moviedb-app-the-moviedb-appUITests-frameworks-${CONFIGURATION}-input-files.xcfilelist",
			);
			name = "[CP] Embed Pods Frameworks";
			outputFileListPaths = (
				"${PODS_ROOT}/Target Support Files/Pods-the-moviedb-app-the-moviedb-appUITests/Pods-the-moviedb-app-the-moviedb-appUITests-frameworks-${CONFIGURATION}-output-files.xcfilelist",
			);
			runOnlyForDeploymentPostprocessing = 0;
			shellPath = /bin/sh;
			shellScript = "\"${PODS_ROOT}/Target Support Files/Pods-the-moviedb-app-the-moviedb-appUITests/Pods-the-moviedb-app-the-moviedb-appUITests-frameworks.sh\"\n";
			showEnvVarsInLog = 0;
		};
/* End PBXShellScriptBuildPhase section */

/* Begin PBXSourcesBuildPhase section */
		45B7CD5923FF23FA0014821B /* Sources */ = {
			isa = PBXSourcesBuildPhase;
			buildActionMask = 2147483647;
			files = (
				45AA14682401642A00CC6F6F /* HTTPOperationEnum.swift in Sources */,
				45A42D302401FFFE0078CF75 /* GenreEntity.swift in Sources */,
				45AA146A2401654800CC6F6F /* MovieResponse.swift in Sources */,
				45AA1462240161C000CC6F6F /* MovieDTO.swift in Sources */,
				45AA14452400AF8000CC6F6F /* AppStrings.swift in Sources */,
				45AA14662401640300CC6F6F /* CodableExtension.swift in Sources */,
				45A42D272401A34A0078CF75 /* UIImageViewExtension.swift in Sources */,
				45A42D2024017BD10078CF75 /* UpcomingMoviesPresenter.swift in Sources */,
				45AA14572401594C00CC6F6F /* GetMovieUseCase.swift in Sources */,
				45EEFF0C240470DD0053E647 /* StubManager.swift in Sources */,
				45A42D412402B5250078CF75 /* CountryResponse.swift in Sources */,
				45AA143C23FF6C5400CC6F6F /* UIViewExtension.swift in Sources */,
				45AA143223FF67FA00CC6F6F /* UpcomingMoviesViewControllerDelegateExtension.swift in Sources */,
				45A42D452402C24C0078CF75 /* StringExtension.swift in Sources */,
				45A42D3A24021B020078CF75 /* MovieDetailLayoutViewController.swift in Sources */,
				45AA146D2401693500CC6F6F /* MovieConverter.swift in Sources */,
				45AA146F2401694F00CC6F6F /* MovieEntity.swift in Sources */,
				45B7CD6523FF23FA0014821B /* UpcomingMoviesViewController.swift in Sources */,
				45AA14402400005600CC6F6F /* UpcomingMoviesViewControllerLayoutExtension.swift in Sources */,
				45A42D32240205370078CF75 /* UIImageExtension.swift in Sources */,
				45AA14502400B49800CC6F6F /* URLBuilder.swift in Sources */,
				45AA143E23FF721300CC6F6F /* UIFontExtension.swift in Sources */,
				45AA1464240163DC00CC6F6F /* GenericRequest.swift in Sources */,
				45B7CD6123FF23FA0014821B /* AppDelegate.swift in Sources */,
				45A42D3C2402B4CD0078CF75 /* GetConfigurationUseCase.swift in Sources */,
				45A42D292401E2450078CF75 /* GetGenreUseCase.swift in Sources */,
				45AA143923FF6A4400CC6F6F /* PosterWithDescriptionCollectionViewCell.swift in Sources */,
				45AA14542400BD2700CC6F6F /* LanguageEnum.swift in Sources */,
				45AA145B240159C700CC6F6F /* BaseCallback.swift in Sources */,
				45B7CD6323FF23FA0014821B /* SceneDelegate.swift in Sources */,
				45A42D2324017DB90078CF75 /* BaseViewContract.swift in Sources */,
				45A42D2524017E040078CF75 /* UIViewControllerExtension.swift in Sources */,
				45AA145D24015A0F00CC6F6F /* TypedCallbackEnum.swift in Sources */,
				45EEFF0B240470DD0053E647 /* StubFileLoader.swift in Sources */,
				45A42D432402B5D10078CF75 /* ConfigurationConverter.swift in Sources */,
				45A42D1E24017B7A0078CF75 /* UpcomingMoviesContract.swift in Sources */,
				45AA14592401597C00CC6F6F /* InjectionUseCase.swift in Sources */,
				45A42D2E2401FFBC0078CF75 /* GenreConverter.swift in Sources */,
				45A42D3F2402B5150078CF75 /* CountryEntity.swift in Sources */,
				45A42D35240216BD0078CF75 /* MovieDetailViewController.swift in Sources */,
				45A42D37240217CF0078CF75 /* UpcomingMoviesViewControllerMethodsExtension.swift in Sources */,
				45A42D2C2401FF510078CF75 /* GenreResponse.swift in Sources */,
			);
			runOnlyForDeploymentPostprocessing = 0;
		};
		45B7CD6F23FF23FC0014821B /* Sources */ = {
			isa = PBXSourcesBuildPhase;
			buildActionMask = 2147483647;
			files = (
				45C9803B2402DD0800AEB504 /* GetConfigurationUseCaseTest.swift in Sources */,
				457B0F1724035D0E002ABF76 /* UpcomingMoviesPresenterMock.swift in Sources */,
				457B0F1C24040738002ABF76 /* MovieDetailViewControllerTest.swift in Sources */,
				457B0F1924035E65002ABF76 /* UpcomingMoviesViewControllerPresentationTest.swift in Sources */,
				45C980372402DCF200AEB504 /* GetMovieUseCaseTest.swift in Sources */,
				457B0F1E2404210C002ABF76 /* UpcomingMoviesViewControllerTest.swift in Sources */,
				45C980342402DC9E00AEB504 /* XCTestExtension.swift in Sources */,
				457B0F21240421F7002ABF76 /* MovieBuilder.swift in Sources */,
				457B0F0F24031E19002ABF76 /* ActionBlock.swift in Sources */,
				45C980392402DCFD00AEB504 /* GetGenreUseCaseTest.swift in Sources */,
			);
			runOnlyForDeploymentPostprocessing = 0;
		};
		45B7CD7A23FF23FC0014821B /* Sources */ = {
			isa = PBXSourcesBuildPhase;
			buildActionMask = 2147483647;
			files = (
				45EEFEFD240464D90053E647 /* UpcomingMoviesTest.swift in Sources */,
				45EEFF0F2404A46F0053E647 /* XCTestExtension.swift in Sources */,
				45B7CD8323FF23FC0014821B /* the_moviedb_appUITests.swift in Sources */,
			);
			runOnlyForDeploymentPostprocessing = 0;
		};
/* End PBXSourcesBuildPhase section */

/* Begin PBXTargetDependency section */
		45B7CD7523FF23FC0014821B /* PBXTargetDependency */ = {
			isa = PBXTargetDependency;
			target = 45B7CD5C23FF23FA0014821B /* the-moviedb-app */;
			targetProxy = 45B7CD7423FF23FC0014821B /* PBXContainerItemProxy */;
		};
		45B7CD8023FF23FC0014821B /* PBXTargetDependency */ = {
			isa = PBXTargetDependency;
			target = 45B7CD5C23FF23FA0014821B /* the-moviedb-app */;
			targetProxy = 45B7CD7F23FF23FC0014821B /* PBXContainerItemProxy */;
		};
/* End PBXTargetDependency section */

/* Begin PBXVariantGroup section */
		45AA144A2400B02500CC6F6F /* Localizable.strings */ = {
			isa = PBXVariantGroup;
			children = (
				45AA14492400B02500CC6F6F /* en */,
				45AA144C2400B04900CC6F6F /* pt-BR */,
			);
			name = Localizable.strings;
			sourceTree = "<group>";
		};
		45B7CD6B23FF23FC0014821B /* LaunchScreen.storyboard */ = {
			isa = PBXVariantGroup;
			children = (
				45B7CD6C23FF23FC0014821B /* Base */,
				45AA144B2400B04900CC6F6F /* pt-BR */,
			);
			name = LaunchScreen.storyboard;
			sourceTree = "<group>";
		};
/* End PBXVariantGroup section */

/* Begin XCBuildConfiguration section */
		45B7CD8523FF23FC0014821B /* Debug */ = {
			isa = XCBuildConfiguration;
			buildSettings = {
				ALWAYS_SEARCH_USER_PATHS = NO;
				CLANG_ANALYZER_LOCALIZABILITY_NONLOCALIZED = YES;
				CLANG_ANALYZER_NONNULL = YES;
				CLANG_ANALYZER_NUMBER_OBJECT_CONVERSION = YES_AGGRESSIVE;
				CLANG_CXX_LANGUAGE_STANDARD = "gnu++14";
				CLANG_CXX_LIBRARY = "libc++";
				CLANG_ENABLE_MODULES = YES;
				CLANG_ENABLE_OBJC_ARC = YES;
				CLANG_ENABLE_OBJC_WEAK = YES;
				CLANG_WARN_BLOCK_CAPTURE_AUTORELEASING = YES;
				CLANG_WARN_BOOL_CONVERSION = YES;
				CLANG_WARN_COMMA = YES;
				CLANG_WARN_CONSTANT_CONVERSION = YES;
				CLANG_WARN_DEPRECATED_OBJC_IMPLEMENTATIONS = YES;
				CLANG_WARN_DIRECT_OBJC_ISA_USAGE = YES_ERROR;
				CLANG_WARN_DOCUMENTATION_COMMENTS = YES;
				CLANG_WARN_EMPTY_BODY = YES;
				CLANG_WARN_ENUM_CONVERSION = YES;
				CLANG_WARN_INFINITE_RECURSION = YES;
				CLANG_WARN_INT_CONVERSION = YES;
				CLANG_WARN_NON_LITERAL_NULL_CONVERSION = YES;
				CLANG_WARN_OBJC_IMPLICIT_RETAIN_SELF = YES;
				CLANG_WARN_OBJC_LITERAL_CONVERSION = YES;
				CLANG_WARN_OBJC_ROOT_CLASS = YES_ERROR;
				CLANG_WARN_RANGE_LOOP_ANALYSIS = YES;
				CLANG_WARN_STRICT_PROTOTYPES = YES;
				CLANG_WARN_SUSPICIOUS_MOVE = YES;
				CLANG_WARN_UNGUARDED_AVAILABILITY = YES_AGGRESSIVE;
				CLANG_WARN_UNREACHABLE_CODE = YES;
				CLANG_WARN__DUPLICATE_METHOD_MATCH = YES;
				COPY_PHASE_STRIP = NO;
				DEBUG_INFORMATION_FORMAT = dwarf;
				ENABLE_STRICT_OBJC_MSGSEND = YES;
				ENABLE_TESTABILITY = YES;
				GCC_C_LANGUAGE_STANDARD = gnu11;
				GCC_DYNAMIC_NO_PIC = NO;
				GCC_NO_COMMON_BLOCKS = YES;
				GCC_OPTIMIZATION_LEVEL = 0;
				GCC_PREPROCESSOR_DEFINITIONS = (
					"DEBUG=1",
					"$(inherited)",
				);
				GCC_WARN_64_TO_32_BIT_CONVERSION = YES;
				GCC_WARN_ABOUT_RETURN_TYPE = YES_ERROR;
				GCC_WARN_UNDECLARED_SELECTOR = YES;
				GCC_WARN_UNINITIALIZED_AUTOS = YES_AGGRESSIVE;
				GCC_WARN_UNUSED_FUNCTION = YES;
				GCC_WARN_UNUSED_VARIABLE = YES;
				IPHONEOS_DEPLOYMENT_TARGET = 13.2;
				MTL_ENABLE_DEBUG_INFO = INCLUDE_SOURCE;
				MTL_FAST_MATH = YES;
				ONLY_ACTIVE_ARCH = YES;
				SDKROOT = iphoneos;
				SWIFT_ACTIVE_COMPILATION_CONDITIONS = DEBUG;
				SWIFT_OPTIMIZATION_LEVEL = "-Onone";
			};
			name = Debug;
		};
		45B7CD8623FF23FC0014821B /* Release */ = {
			isa = XCBuildConfiguration;
			buildSettings = {
				ALWAYS_SEARCH_USER_PATHS = NO;
				CLANG_ANALYZER_LOCALIZABILITY_NONLOCALIZED = YES;
				CLANG_ANALYZER_NONNULL = YES;
				CLANG_ANALYZER_NUMBER_OBJECT_CONVERSION = YES_AGGRESSIVE;
				CLANG_CXX_LANGUAGE_STANDARD = "gnu++14";
				CLANG_CXX_LIBRARY = "libc++";
				CLANG_ENABLE_MODULES = YES;
				CLANG_ENABLE_OBJC_ARC = YES;
				CLANG_ENABLE_OBJC_WEAK = YES;
				CLANG_WARN_BLOCK_CAPTURE_AUTORELEASING = YES;
				CLANG_WARN_BOOL_CONVERSION = YES;
				CLANG_WARN_COMMA = YES;
				CLANG_WARN_CONSTANT_CONVERSION = YES;
				CLANG_WARN_DEPRECATED_OBJC_IMPLEMENTATIONS = YES;
				CLANG_WARN_DIRECT_OBJC_ISA_USAGE = YES_ERROR;
				CLANG_WARN_DOCUMENTATION_COMMENTS = YES;
				CLANG_WARN_EMPTY_BODY = YES;
				CLANG_WARN_ENUM_CONVERSION = YES;
				CLANG_WARN_INFINITE_RECURSION = YES;
				CLANG_WARN_INT_CONVERSION = YES;
				CLANG_WARN_NON_LITERAL_NULL_CONVERSION = YES;
				CLANG_WARN_OBJC_IMPLICIT_RETAIN_SELF = YES;
				CLANG_WARN_OBJC_LITERAL_CONVERSION = YES;
				CLANG_WARN_OBJC_ROOT_CLASS = YES_ERROR;
				CLANG_WARN_RANGE_LOOP_ANALYSIS = YES;
				CLANG_WARN_STRICT_PROTOTYPES = YES;
				CLANG_WARN_SUSPICIOUS_MOVE = YES;
				CLANG_WARN_UNGUARDED_AVAILABILITY = YES_AGGRESSIVE;
				CLANG_WARN_UNREACHABLE_CODE = YES;
				CLANG_WARN__DUPLICATE_METHOD_MATCH = YES;
				COPY_PHASE_STRIP = NO;
				DEBUG_INFORMATION_FORMAT = "dwarf-with-dsym";
				ENABLE_NS_ASSERTIONS = NO;
				ENABLE_STRICT_OBJC_MSGSEND = YES;
				GCC_C_LANGUAGE_STANDARD = gnu11;
				GCC_NO_COMMON_BLOCKS = YES;
				GCC_WARN_64_TO_32_BIT_CONVERSION = YES;
				GCC_WARN_ABOUT_RETURN_TYPE = YES_ERROR;
				GCC_WARN_UNDECLARED_SELECTOR = YES;
				GCC_WARN_UNINITIALIZED_AUTOS = YES_AGGRESSIVE;
				GCC_WARN_UNUSED_FUNCTION = YES;
				GCC_WARN_UNUSED_VARIABLE = YES;
				IPHONEOS_DEPLOYMENT_TARGET = 13.2;
				MTL_ENABLE_DEBUG_INFO = NO;
				MTL_FAST_MATH = YES;
				SDKROOT = iphoneos;
				SWIFT_COMPILATION_MODE = wholemodule;
				SWIFT_OPTIMIZATION_LEVEL = "-O";
				VALIDATE_PRODUCT = YES;
			};
			name = Release;
		};
		45B7CD8823FF23FC0014821B /* Debug */ = {
			isa = XCBuildConfiguration;
			baseConfigurationReference = 04B3E82E06BE89DC05B0D699 /* Pods-the-moviedb-app.debug.xcconfig */;
			buildSettings = {
				ASSETCATALOG_COMPILER_APPICON_NAME = AppIcon;
				CODE_SIGN_STYLE = Automatic;
				DEVELOPMENT_TEAM = 8NJN76E9UZ;
				INFOPLIST_FILE = "the-moviedb-app/Info.plist";
				LD_RUNPATH_SEARCH_PATHS = (
					"$(inherited)",
					"@executable_path/Frameworks",
				);
				PRODUCT_BUNDLE_IDENTIFIER = "com.alexandre.the-moviedb-app";
				PRODUCT_NAME = "$(TARGET_NAME)";
				SWIFT_VERSION = 5.0;
				TARGETED_DEVICE_FAMILY = "1,2";
			};
			name = Debug;
		};
		45B7CD8923FF23FC0014821B /* Release */ = {
			isa = XCBuildConfiguration;
			baseConfigurationReference = 2B1AAF777239999A11C75283 /* Pods-the-moviedb-app.release.xcconfig */;
			buildSettings = {
				ASSETCATALOG_COMPILER_APPICON_NAME = AppIcon;
				CODE_SIGN_STYLE = Automatic;
				DEVELOPMENT_TEAM = 8NJN76E9UZ;
				INFOPLIST_FILE = "the-moviedb-app/Info.plist";
				LD_RUNPATH_SEARCH_PATHS = (
					"$(inherited)",
					"@executable_path/Frameworks",
				);
				PRODUCT_BUNDLE_IDENTIFIER = "com.alexandre.the-moviedb-app";
				PRODUCT_NAME = "$(TARGET_NAME)";
				SWIFT_VERSION = 5.0;
				TARGETED_DEVICE_FAMILY = "1,2";
			};
			name = Release;
		};
		45B7CD8B23FF23FC0014821B /* Debug */ = {
			isa = XCBuildConfiguration;
			baseConfigurationReference = 6FAA2303DA544ADD8C8EC4C1 /* Pods-the-moviedb-appTests.debug.xcconfig */;
			buildSettings = {
				BUNDLE_LOADER = "$(TEST_HOST)";
				CODE_SIGN_STYLE = Automatic;
				DEVELOPMENT_TEAM = 8NJN76E9UZ;
				INFOPLIST_FILE = "the-moviedb-appTests/Info.plist";
				IPHONEOS_DEPLOYMENT_TARGET = 13.2;
				LD_RUNPATH_SEARCH_PATHS = (
					"$(inherited)",
					"@executable_path/Frameworks",
					"@loader_path/Frameworks",
				);
				PRODUCT_BUNDLE_IDENTIFIER = "com.alexandre.the-moviedb-appTests";
				PRODUCT_NAME = "$(TARGET_NAME)";
				SWIFT_VERSION = 5.0;
				TARGETED_DEVICE_FAMILY = "1,2";
				TEST_HOST = "$(BUILT_PRODUCTS_DIR)/the-moviedb-app.app/the-moviedb-app";
			};
			name = Debug;
		};
		45B7CD8C23FF23FC0014821B /* Release */ = {
			isa = XCBuildConfiguration;
			baseConfigurationReference = 4458663D3AAD31578BC6D7E0 /* Pods-the-moviedb-appTests.release.xcconfig */;
			buildSettings = {
				BUNDLE_LOADER = "$(TEST_HOST)";
				CODE_SIGN_STYLE = Automatic;
				DEVELOPMENT_TEAM = 8NJN76E9UZ;
				INFOPLIST_FILE = "the-moviedb-appTests/Info.plist";
				IPHONEOS_DEPLOYMENT_TARGET = 13.2;
				LD_RUNPATH_SEARCH_PATHS = (
					"$(inherited)",
					"@executable_path/Frameworks",
					"@loader_path/Frameworks",
				);
				PRODUCT_BUNDLE_IDENTIFIER = "com.alexandre.the-moviedb-appTests";
				PRODUCT_NAME = "$(TARGET_NAME)";
				SWIFT_VERSION = 5.0;
				TARGETED_DEVICE_FAMILY = "1,2";
				TEST_HOST = "$(BUILT_PRODUCTS_DIR)/the-moviedb-app.app/the-moviedb-app";
			};
			name = Release;
		};
		45B7CD8E23FF23FC0014821B /* Debug */ = {
			isa = XCBuildConfiguration;
			baseConfigurationReference = 70AEBF40D81DBF9424242FCB /* Pods-the-moviedb-app-the-moviedb-appUITests.debug.xcconfig */;
			buildSettings = {
				CODE_SIGN_STYLE = Automatic;
				DEVELOPMENT_TEAM = 8NJN76E9UZ;
				INFOPLIST_FILE = "the-moviedb-appUITests/Info.plist";
				LD_RUNPATH_SEARCH_PATHS = (
					"$(inherited)",
					"@executable_path/Frameworks",
					"@loader_path/Frameworks",
				);
				PRODUCT_BUNDLE_IDENTIFIER = "com.alexandre.the-moviedb-appUITests";
				PRODUCT_NAME = "$(TARGET_NAME)";
				SWIFT_VERSION = 5.0;
				TARGETED_DEVICE_FAMILY = "1,2";
				TEST_TARGET_NAME = "the-moviedb-app";
			};
			name = Debug;
		};
		45B7CD8F23FF23FC0014821B /* Release */ = {
			isa = XCBuildConfiguration;
			baseConfigurationReference = 06FC2A9A5EB3F0F62D9FF826 /* Pods-the-moviedb-app-the-moviedb-appUITests.release.xcconfig */;
			buildSettings = {
				CODE_SIGN_STYLE = Automatic;
				DEVELOPMENT_TEAM = 8NJN76E9UZ;
				INFOPLIST_FILE = "the-moviedb-appUITests/Info.plist";
				LD_RUNPATH_SEARCH_PATHS = (
					"$(inherited)",
					"@executable_path/Frameworks",
					"@loader_path/Frameworks",
				);
				PRODUCT_BUNDLE_IDENTIFIER = "com.alexandre.the-moviedb-appUITests";
				PRODUCT_NAME = "$(TARGET_NAME)";
				SWIFT_VERSION = 5.0;
				TARGETED_DEVICE_FAMILY = "1,2";
				TEST_TARGET_NAME = "the-moviedb-app";
			};
			name = Release;
		};
/* End XCBuildConfiguration section */

/* Begin XCConfigurationList section */
		45B7CD5823FF23FA0014821B /* Build configuration list for PBXProject "the-moviedb-app" */ = {
			isa = XCConfigurationList;
			buildConfigurations = (
				45B7CD8523FF23FC0014821B /* Debug */,
				45B7CD8623FF23FC0014821B /* Release */,
			);
			defaultConfigurationIsVisible = 0;
			defaultConfigurationName = Release;
		};
		45B7CD8723FF23FC0014821B /* Build configuration list for PBXNativeTarget "the-moviedb-app" */ = {
			isa = XCConfigurationList;
			buildConfigurations = (
				45B7CD8823FF23FC0014821B /* Debug */,
				45B7CD8923FF23FC0014821B /* Release */,
			);
			defaultConfigurationIsVisible = 0;
			defaultConfigurationName = Release;
		};
		45B7CD8A23FF23FC0014821B /* Build configuration list for PBXNativeTarget "the-moviedb-appTests" */ = {
			isa = XCConfigurationList;
			buildConfigurations = (
				45B7CD8B23FF23FC0014821B /* Debug */,
				45B7CD8C23FF23FC0014821B /* Release */,
			);
			defaultConfigurationIsVisible = 0;
			defaultConfigurationName = Release;
		};
		45B7CD8D23FF23FC0014821B /* Build configuration list for PBXNativeTarget "the-moviedb-appUITests" */ = {
			isa = XCConfigurationList;
			buildConfigurations = (
				45B7CD8E23FF23FC0014821B /* Debug */,
				45B7CD8F23FF23FC0014821B /* Release */,
			);
			defaultConfigurationIsVisible = 0;
			defaultConfigurationName = Release;
		};
/* End XCConfigurationList section */
	};
	rootObject = 45B7CD5523FF23FA0014821B /* Project object */;
}
